// !$*UTF8*$!
{
	archiveVersion = 1;
	classes = {
	};
	objectVersion = 46;
	objects = {

/* Begin PBXBuildFile section */
		8A12865317803ED1002170B5 /* bundle_resource_loader.mm in Sources */ = {isa = PBXBuildFile; fileRef = 8A12864E1780369B002170B5 /* bundle_resource_loader.mm */; };
		8A12865B17806B8A002170B5 /* logging.cc in Sources */ = {isa = PBXBuildFile; fileRef = 8A12865917806B85002170B5 /* logging.cc */; };
		8A12865E1780A1E6002170B5 /* libev.4.dylib in Frameworks */ = {isa = PBXBuildFile; fileRef = 8A12865C1780A1E6002170B5 /* libev.4.dylib */; };
		8A12865F1780A1E6002170B5 /* libmsgpack.3.dylib in Frameworks */ = {isa = PBXBuildFile; fileRef = 8A12865D1780A1E6002170B5 /* libmsgpack.3.dylib */; };
		8A1F620D16866B0600E53FBB /* UIKit.framework in Frameworks */ = {isa = PBXBuildFile; fileRef = 8A1F620C16866B0600E53FBB /* UIKit.framework */; };
		8A1F620F16866B0600E53FBB /* Foundation.framework in Frameworks */ = {isa = PBXBuildFile; fileRef = 8A1F620E16866B0600E53FBB /* Foundation.framework */; };
		8A1F621116866B0600E53FBB /* CoreGraphics.framework in Frameworks */ = {isa = PBXBuildFile; fileRef = 8A1F621016866B0600E53FBB /* CoreGraphics.framework */; };
		8A1F621716866B0600E53FBB /* InfoPlist.strings in Resources */ = {isa = PBXBuildFile; fileRef = 8A1F621516866B0600E53FBB /* InfoPlist.strings */; };
		8A1F621916866B0600E53FBB /* main.m in Sources */ = {isa = PBXBuildFile; fileRef = 8A1F621816866B0600E53FBB /* main.m */; };
		8A1F621F16866B0600E53FBB /* Default.png in Resources */ = {isa = PBXBuildFile; fileRef = 8A1F621E16866B0600E53FBB /* Default.png */; };
		8A1F622116866B0600E53FBB /* Default@2x.png in Resources */ = {isa = PBXBuildFile; fileRef = 8A1F622016866B0600E53FBB /* Default@2x.png */; };
		8A1F622316866B0600E53FBB /* Default-568h@2x.png in Resources */ = {isa = PBXBuildFile; fileRef = 8A1F622216866B0600E53FBB /* Default-568h@2x.png */; };
		8A1F623016866C2300E53FBB /* Cocoa.framework in Frameworks */ = {isa = PBXBuildFile; fileRef = 8A1F622F16866C2300E53FBB /* Cocoa.framework */; };
		8A1F623A16866C2300E53FBB /* InfoPlist.strings in Resources */ = {isa = PBXBuildFile; fileRef = 8A1F623816866C2300E53FBB /* InfoPlist.strings */; };
		8A1F623C16866C2300E53FBB /* main.m in Sources */ = {isa = PBXBuildFile; fileRef = 8A1F623B16866C2300E53FBB /* main.m */; };
		8A1F624016866C2300E53FBB /* Credits.rtf in Resources */ = {isa = PBXBuildFile; fileRef = 8A1F623E16866C2300E53FBB /* Credits.rtf */; };
		8A1F624316866C2300E53FBB /* RWOSXAppDelegate.mm in Sources */ = {isa = PBXBuildFile; fileRef = 8A1F624216866C2300E53FBB /* RWOSXAppDelegate.mm */; };
		8A1F624616866C2300E53FBB /* MainMenu.xib in Resources */ = {isa = PBXBuildFile; fileRef = 8A1F624416866C2300E53FBB /* MainMenu.xib */; };
		8A1F624C16866CB600E53FBB /* RWiOSAppDelegate.mm in Sources */ = {isa = PBXBuildFile; fileRef = 8A1F624B16866CB600E53FBB /* RWiOSAppDelegate.mm */; };
		8A1F624E16866E5800E53FBB /* resource_manager.cc in Sources */ = {isa = PBXBuildFile; fileRef = 8A1F61E816866A4500E53FBB /* resource_manager.cc */; };
		8A1F624F16866E5800E53FBB /* camera.cc in Sources */ = {isa = PBXBuildFile; fileRef = 8A1F61EA16866A4500E53FBB /* camera.cc */; };
		8A1F625116866E5800E53FBB /* gl_func.cc in Sources */ = {isa = PBXBuildFile; fileRef = 8A1F61EC16866A4500E53FBB /* gl_func.cc */; };
		8A1F625216866E5800E53FBB /* gl_state.cc in Sources */ = {isa = PBXBuildFile; fileRef = 8A1F61ED16866A4500E53FBB /* gl_state.cc */; };
		8A1F625316866E5800E53FBB /* material.cc in Sources */ = {isa = PBXBuildFile; fileRef = 8A1F61EE16866A4500E53FBB /* material.cc */; };
		8A1F625416866E5800E53FBB /* mesh.cc in Sources */ = {isa = PBXBuildFile; fileRef = 8A1F61EF16866A4500E53FBB /* mesh.cc */; };
		8A1F625516866E5800E53FBB /* render_queue.cc in Sources */ = {isa = PBXBuildFile; fileRef = 8A1F61F016866A4500E53FBB /* render_queue.cc */; };
		8A1F625816866E5800E53FBB /* shader.cc in Sources */ = {isa = PBXBuildFile; fileRef = 8A1F61F316866A4500E53FBB /* shader.cc */; };
		8A1F625916866E5800E53FBB /* texture.cc in Sources */ = {isa = PBXBuildFile; fileRef = 8A1F61F416866A4500E53FBB /* texture.cc */; };
		8A1F625A16866E5800E53FBB /* view_frustum.cc in Sources */ = {isa = PBXBuildFile; fileRef = 8A1F61F516866A4500E53FBB /* view_frustum.cc */; };
		8A1F625B16866E5800E53FBB /* matrix3.cc in Sources */ = {isa = PBXBuildFile; fileRef = 8A1F61F716866A4500E53FBB /* matrix3.cc */; };
		8A1F625C16866E5800E53FBB /* matrix4.cc in Sources */ = {isa = PBXBuildFile; fileRef = 8A1F61F816866A4500E53FBB /* matrix4.cc */; };
		8A1F625D16866E5800E53FBB /* quaternion.cc in Sources */ = {isa = PBXBuildFile; fileRef = 8A1F61F916866A4500E53FBB /* quaternion.cc */; };
		8A1F625E16866E5800E53FBB /* command_dispatch.cc in Sources */ = {isa = PBXBuildFile; fileRef = 8A1F61FB16866A4500E53FBB /* command_dispatch.cc */; };
		8A1F625F16866E5800E53FBB /* event_loop.cc in Sources */ = {isa = PBXBuildFile; fileRef = 8A1F61FC16866A4500E53FBB /* event_loop.cc */; };
		8A1F626016866E5800E53FBB /* animatable.cc in Sources */ = {isa = PBXBuildFile; fileRef = 8A1F61FE16866A4500E53FBB /* animatable.cc */; };
		8A1F626216866E5800E53FBB /* time.cc in Sources */ = {isa = PBXBuildFile; fileRef = 8A1F620216866A4500E53FBB /* time.cc */; };
		8A1F62A716866F7F00E53FBB /* OpenGL.framework in Frameworks */ = {isa = PBXBuildFile; fileRef = 8A1F62A616866F7E00E53FBB /* OpenGL.framework */; };
		8A1F62B71686782600E53FBB /* OpenGLES.framework in Frameworks */ = {isa = PBXBuildFile; fileRef = 8A1F62B61686782400E53FBB /* OpenGLES.framework */; };
		8A1F62B91686787600E53FBB /* GLKit.framework in Frameworks */ = {isa = PBXBuildFile; fileRef = 8A1F62B81686787500E53FBB /* GLKit.framework */; };
		8A1F62BC1686789400E53FBB /* RWViewController.mm in Sources */ = {isa = PBXBuildFile; fileRef = 8A1F62BB1686789400E53FBB /* RWViewController.mm */; };
		8A35719A168F875900EA130B /* Python.framework in Frameworks */ = {isa = PBXBuildFile; fileRef = 8A357199168F875900EA130B /* Python.framework */; };
		8A35719F168F8EE200EA130B /* main.py in Resources */ = {isa = PBXBuildFile; fileRef = 8A35719E168F8EE200EA130B /* main.py */; };
		8A3571B3168F8FD800EA130B /* __init__.py in CopyFiles */ = {isa = PBXBuildFile; fileRef = 8A3571A0168F8F9400EA130B /* __init__.py */; };
		8A3571B4168F8FD800EA130B /* build_graph.py in CopyFiles */ = {isa = PBXBuildFile; fileRef = 8A3571A1168F8F9400EA130B /* build_graph.py */; };
		8A3571B5168F8FD800EA130B /* build_tasks.py in CopyFiles */ = {isa = PBXBuildFile; fileRef = 8A3571A2168F8F9400EA130B /* build_tasks.py */; };
		8A3571B6168F8FD800EA130B /* fbx_importer.py in CopyFiles */ = {isa = PBXBuildFile; fileRef = 8A3571A3168F8F9400EA130B /* fbx_importer.py */; };
		8A3571B7168F8FD800EA130B /* incremental_graph.py in CopyFiles */ = {isa = PBXBuildFile; fileRef = 8A3571A4168F8F9400EA130B /* incremental_graph.py */; };
		8A3571B8168F8FD800EA130B /* obj_importer.py in CopyFiles */ = {isa = PBXBuildFile; fileRef = 8A3571A5168F8F9400EA130B /* obj_importer.py */; };
		8A3571B9168F8FD800EA130B /* worker.py in CopyFiles */ = {isa = PBXBuildFile; fileRef = 8A3571A6168F8F9400EA130B /* worker.py */; };
		8A3571BB168F8FEB00EA130B /* __init__.py in CopyFiles */ = {isa = PBXBuildFile; fileRef = 8A3571AE168F8FA600EA130B /* __init__.py */; };
		8A3571BC168F8FEB00EA130B /* connection.py in CopyFiles */ = {isa = PBXBuildFile; fileRef = 8A3571AF168F8FA600EA130B /* connection.py */; };
		8A3571CE1691C8F500EA130B /* plane.cc in Sources */ = {isa = PBXBuildFile; fileRef = 8A3571CB1691C8E200EA130B /* plane.cc */; };
		8A3571D01691C91000EA130B /* CoreVideo.framework in Frameworks */ = {isa = PBXBuildFile; fileRef = 8A3571CF1691C91000EA130B /* CoreVideo.framework */; };
		8A3720A4176DE1E200C0FEE5 /* component_array.cc in Sources */ = {isa = PBXBuildFile; fileRef = 8A37209F176DE1E200C0FEE5 /* component_array.cc */; };
		8A3720A5176DE1E200C0FEE5 /* component.cc in Sources */ = {isa = PBXBuildFile; fileRef = 8A3720A0176DE1E200C0FEE5 /* component.cc */; };
		8A3720A6176DE1E200C0FEE5 /* entity.cc in Sources */ = {isa = PBXBuildFile; fileRef = 8A3720A1176DE1E200C0FEE5 /* entity.cc */; };
		8A3720A7176DE1E200C0FEE5 /* event.cc in Sources */ = {isa = PBXBuildFile; fileRef = 8A3720A2176DE1E200C0FEE5 /* event.cc */; };
		8A3720A8176DE1E200C0FEE5 /* transform.cc in Sources */ = {isa = PBXBuildFile; fileRef = 8A3720A3176DE1E200C0FEE5 /* transform.cc */; };
		8A3720AA176DE1FA00C0FEE5 /* vector.cc in Sources */ = {isa = PBXBuildFile; fileRef = 8A3720A9176DE1FA00C0FEE5 /* vector.cc */; };
		8A3720BF176DE22700C0FEE5 /* debug.cc in Sources */ = {isa = PBXBuildFile; fileRef = 8A3720BD176DE22700C0FEE5 /* debug.cc */; };
		8A3720C1176DE22700C0FEE5 /* render_system.cc in Sources */ = {isa = PBXBuildFile; fileRef = 8A3720BE176DE22700C0FEE5 /* render_system.cc */; };
		8A99376E1780C05E00CFA977 /* component.cc in Sources */ = {isa = PBXBuildFile; fileRef = 8A3720A0176DE1E200C0FEE5 /* component.cc */; };
		8A99376F1780C05E00CFA977 /* component_array.cc in Sources */ = {isa = PBXBuildFile; fileRef = 8A37209F176DE1E200C0FEE5 /* component_array.cc */; };
		8A9937701780C05E00CFA977 /* entity.cc in Sources */ = {isa = PBXBuildFile; fileRef = 8A3720A1176DE1E200C0FEE5 /* entity.cc */; };
		8A9937711780C05E00CFA977 /* event.cc in Sources */ = {isa = PBXBuildFile; fileRef = 8A3720A2176DE1E200C0FEE5 /* event.cc */; };
		8A9937721780C05E00CFA977 /* logging.cc in Sources */ = {isa = PBXBuildFile; fileRef = 8A12865917806B85002170B5 /* logging.cc */; };
		8A9937731780C05E00CFA977 /* resource_manager.cc in Sources */ = {isa = PBXBuildFile; fileRef = 8A1F61E816866A4500E53FBB /* resource_manager.cc */; };
		8A9937741780C05E00CFA977 /* stats.cc in Sources */ = {isa = PBXBuildFile; fileRef = 8AE143F01693476E00A92298 /* stats.cc */; };
		8A9937751780C05E00CFA977 /* transform.cc in Sources */ = {isa = PBXBuildFile; fileRef = 8A3720A3176DE1E200C0FEE5 /* transform.cc */; };
		8A9937761780C05E00CFA977 /* camera.cc in Sources */ = {isa = PBXBuildFile; fileRef = 8A1F61EA16866A4500E53FBB /* camera.cc */; };
		8A9937771780C05E00CFA977 /* gl_func.cc in Sources */ = {isa = PBXBuildFile; fileRef = 8A1F61EC16866A4500E53FBB /* gl_func.cc */; };
		8A9937781780C05E00CFA977 /* gl_state.cc in Sources */ = {isa = PBXBuildFile; fileRef = 8A1F61ED16866A4500E53FBB /* gl_state.cc */; };
		8A99377A1780C05E00CFA977 /* image_loader_osx.mm in Sources */ = {isa = PBXBuildFile; fileRef = 8AE7628616872268006FC8BC /* image_loader_osx.mm */; };
		8A99377B1780C05E00CFA977 /* material.cc in Sources */ = {isa = PBXBuildFile; fileRef = 8A1F61EE16866A4500E53FBB /* material.cc */; };
		8A99377C1780C05E00CFA977 /* mesh.cc in Sources */ = {isa = PBXBuildFile; fileRef = 8A1F61EF16866A4500E53FBB /* mesh.cc */; };
		8A99377D1780C05E00CFA977 /* render_queue.cc in Sources */ = {isa = PBXBuildFile; fileRef = 8A1F61F016866A4500E53FBB /* render_queue.cc */; };
		8A99377E1780C05E00CFA977 /* shader.cc in Sources */ = {isa = PBXBuildFile; fileRef = 8A1F61F316866A4500E53FBB /* shader.cc */; };
		8A99377F1780C05E00CFA977 /* texture.cc in Sources */ = {isa = PBXBuildFile; fileRef = 8A1F61F416866A4500E53FBB /* texture.cc */; };
		8A9937801780C05E00CFA977 /* view_frustum.cc in Sources */ = {isa = PBXBuildFile; fileRef = 8A1F61F516866A4500E53FBB /* view_frustum.cc */; };
		8A9937811780C05E00CFA977 /* matrix3.cc in Sources */ = {isa = PBXBuildFile; fileRef = 8A1F61F716866A4500E53FBB /* matrix3.cc */; };
		8A9937821780C05E00CFA977 /* matrix4.cc in Sources */ = {isa = PBXBuildFile; fileRef = 8A1F61F816866A4500E53FBB /* matrix4.cc */; };
		8A9937831780C05E00CFA977 /* plane.cc in Sources */ = {isa = PBXBuildFile; fileRef = 8A3571CB1691C8E200EA130B /* plane.cc */; };
		8A9937841780C05E00CFA977 /* quaternion.cc in Sources */ = {isa = PBXBuildFile; fileRef = 8A1F61F916866A4500E53FBB /* quaternion.cc */; };
		8A9937851780C05E00CFA977 /* vector.cc in Sources */ = {isa = PBXBuildFile; fileRef = 8A3720A9176DE1FA00C0FEE5 /* vector.cc */; };
		8A9937861780C05E00CFA977 /* bundle_resource_loader.mm in Sources */ = {isa = PBXBuildFile; fileRef = 8A12864E1780369B002170B5 /* bundle_resource_loader.mm */; };
		8A9937871780C05E00CFA977 /* RWGLView.mm in Sources */ = {isa = PBXBuildFile; fileRef = 8A1F62AB168675B700E53FBB /* RWGLView.mm */; };
		8A9937881780C05E00CFA977 /* command_dispatch.cc in Sources */ = {isa = PBXBuildFile; fileRef = 8A1F61FB16866A4500E53FBB /* command_dispatch.cc */; };
		8A9937891780C05E00CFA977 /* event_loop.cc in Sources */ = {isa = PBXBuildFile; fileRef = 8A1F61FC16866A4500E53FBB /* event_loop.cc */; };
		8A99378A1780C05E00CFA977 /* animatable.cc in Sources */ = {isa = PBXBuildFile; fileRef = 8A1F61FE16866A4500E53FBB /* animatable.cc */; };
		8A99378B1780C05E00CFA977 /* debug.cc in Sources */ = {isa = PBXBuildFile; fileRef = 8A3720BD176DE22700C0FEE5 /* debug.cc */; };
		8A99378C1780C05E00CFA977 /* folder_resource_loader.cc in Sources */ = {isa = PBXBuildFile; fileRef = 8A12864B17803665002170B5 /* folder_resource_loader.cc */; };
		8A99378D1780C05E00CFA977 /* render_system.cc in Sources */ = {isa = PBXBuildFile; fileRef = 8A3720BE176DE22700C0FEE5 /* render_system.cc */; };
		8A99378E1780C05E00CFA977 /* time.cc in Sources */ = {isa = PBXBuildFile; fileRef = 8A1F620216866A4500E53FBB /* time.cc */; };
		8A99378F1780C05E00CFA977 /* url_downloader_osx.mm in Sources */ = {isa = PBXBuildFile; fileRef = 8A12864D17803665002170B5 /* url_downloader_osx.mm */; };
		8A9937901780C06C00CFA977 /* librosewood-osx.a in Frameworks */ = {isa = PBXBuildFile; fileRef = 8A99376A1780C02400CFA977 /* librosewood-osx.a */; };
		8A9937931780C0DF00CFA977 /* sample_app.cc in Sources */ = {isa = PBXBuildFile; fileRef = 8AE7628B16873E34006FC8BC /* sample_app.cc */; };
		8AE143F11693476E00A92298 /* stats.cc in Sources */ = {isa = PBXBuildFile; fileRef = 8AE143F01693476E00A92298 /* stats.cc */; };
		8AE7628A168726AF006FC8BC /* image_loader_ios.mm in Sources */ = {isa = PBXBuildFile; fileRef = 8AE76289168726AF006FC8BC /* image_loader_ios.mm */; };
		8AE7628D16873E34006FC8BC /* sample_app.cc in Sources */ = {isa = PBXBuildFile; fileRef = 8AE7628B16873E34006FC8BC /* sample_app.cc */; };
		8AF05086168F7F85001B8093 /* Cocoa.framework in Frameworks */ = {isa = PBXBuildFile; fileRef = 8A1F622F16866C2300E53FBB /* Cocoa.framework */; };
		8AF0508C168F7F85001B8093 /* InfoPlist.strings in Resources */ = {isa = PBXBuildFile; fileRef = 8AF0508A168F7F85001B8093 /* InfoPlist.strings */; };
		8AF0508E168F7F85001B8093 /* main.m in Sources */ = {isa = PBXBuildFile; fileRef = 8AF0508D168F7F85001B8093 /* main.m */; };
		8AF05092168F7F85001B8093 /* Credits.rtf in Resources */ = {isa = PBXBuildFile; fileRef = 8AF05090168F7F85001B8093 /* Credits.rtf */; };
		8AF05095168F7F85001B8093 /* RWBuildController.m in Sources */ = {isa = PBXBuildFile; fileRef = 8AF05094168F7F85001B8093 /* RWBuildController.m */; };
		8AF05098168F7F85001B8093 /* MainMenu.xib in Resources */ = {isa = PBXBuildFile; fileRef = 8AF05096168F7F85001B8093 /* MainMenu.xib */; };
/* End PBXBuildFile section */

/* Begin PBXContainerItemProxy section */
		8A9937911780C07100CFA977 /* PBXContainerItemProxy */ = {
			isa = PBXContainerItemProxy;
			containerPortal = 8A1F61DA1686696500E53FBB /* Project object */;
			proxyType = 1;
			remoteGlobalIDString = 8A9937691780C02400CFA977;
			remoteInfo = "rosewood-osx";
		};
/* End PBXContainerItemProxy section */

/* Begin PBXCopyFilesBuildPhase section */
		8A3571B2168F8FB400EA130B /* CopyFiles */ = {
			isa = PBXCopyFilesBuildPhase;
			buildActionMask = 2147483647;
			dstPath = build;
			dstSubfolderSpec = 7;
			files = (
				8A3571B3168F8FD800EA130B /* __init__.py in CopyFiles */,
				8A3571B4168F8FD800EA130B /* build_graph.py in CopyFiles */,
				8A3571B5168F8FD800EA130B /* build_tasks.py in CopyFiles */,
				8A3571B6168F8FD800EA130B /* fbx_importer.py in CopyFiles */,
				8A3571B7168F8FD800EA130B /* incremental_graph.py in CopyFiles */,
				8A3571B8168F8FD800EA130B /* obj_importer.py in CopyFiles */,
				8A3571B9168F8FD800EA130B /* worker.py in CopyFiles */,
			);
			runOnlyForDeploymentPostprocessing = 0;
		};
		8A3571BA168F8FE100EA130B /* CopyFiles */ = {
			isa = PBXCopyFilesBuildPhase;
			buildActionMask = 2147483647;
			dstPath = remote;
			dstSubfolderSpec = 7;
			files = (
				8A3571BB168F8FEB00EA130B /* __init__.py in CopyFiles */,
				8A3571BC168F8FEB00EA130B /* connection.py in CopyFiles */,
			);
			runOnlyForDeploymentPostprocessing = 0;
		};
/* End PBXCopyFilesBuildPhase section */

/* Begin PBXFileReference section */
		8A12863C17803608002170B5 /* component_array.h */ = {isa = PBXFileReference; lastKnownFileType = sourcecode.c.h; path = component_array.h; sourceTree = "<group>"; };
		8A12863D17803608002170B5 /* component.h */ = {isa = PBXFileReference; lastKnownFileType = sourcecode.c.h; path = component.h; sourceTree = "<group>"; };
		8A12863E17803608002170B5 /* entity.h */ = {isa = PBXFileReference; lastKnownFileType = sourcecode.c.h; path = entity.h; sourceTree = "<group>"; };
		8A12863F17803608002170B5 /* event.h */ = {isa = PBXFileReference; lastKnownFileType = sourcecode.c.h; path = event.h; sourceTree = "<group>"; };
		8A12864017803608002170B5 /* transform.h */ = {isa = PBXFileReference; lastKnownFileType = sourcecode.c.h; path = transform.h; sourceTree = "<group>"; };
		8A12864217803617002170B5 /* light.h */ = {isa = PBXFileReference; lastKnownFileType = sourcecode.c.h; path = light.h; sourceTree = "<group>"; };
		8A12864317803617002170B5 /* renderable.h */ = {isa = PBXFileReference; lastKnownFileType = sourcecode.c.h; path = renderable.h; sourceTree = "<group>"; };
		8A12864417803625002170B5 /* math_ostream.h */ = {isa = PBXFileReference; lastKnownFileType = sourcecode.c.h; path = math_ostream.h; sourceTree = "<group>"; };
		8A12864517803625002170B5 /* math_utils.h */ = {isa = PBXFileReference; lastKnownFileType = sourcecode.c.h; path = math_utils.h; sourceTree = "<group>"; };
		8A12864617803638002170B5 /* debug.h */ = {isa = PBXFileReference; lastKnownFileType = sourcecode.c.h; path = debug.h; sourceTree = "<group>"; };
		8A12864717803638002170B5 /* folder_resource_loader.h */ = {isa = PBXFileReference; lastKnownFileType = sourcecode.c.h; path = folder_resource_loader.h; sourceTree = "<group>"; };
		8A12864917803638002170B5 /* render_system.h */ = {isa = PBXFileReference; lastKnownFileType = sourcecode.c.h; path = render_system.h; sourceTree = "<group>"; };
		8A12864A17803638002170B5 /* url_downloader_osx.h */ = {isa = PBXFileReference; lastKnownFileType = sourcecode.c.h; path = url_downloader_osx.h; sourceTree = "<group>"; };
		8A12864B17803665002170B5 /* folder_resource_loader.cc */ = {isa = PBXFileReference; lastKnownFileType = sourcecode.cpp.cpp; path = folder_resource_loader.cc; sourceTree = "<group>"; };
		8A12864D17803665002170B5 /* url_downloader_osx.mm */ = {isa = PBXFileReference; lastKnownFileType = sourcecode.cpp.objcpp; path = url_downloader_osx.mm; sourceTree = "<group>"; };
		8A12864E1780369B002170B5 /* bundle_resource_loader.mm */ = {isa = PBXFileReference; lastKnownFileType = sourcecode.cpp.objcpp; path = bundle_resource_loader.mm; sourceTree = "<group>"; };
		8A12864F178036A4002170B5 /* bundle_resource_loader.h */ = {isa = PBXFileReference; lastKnownFileType = sourcecode.c.h; path = bundle_resource_loader.h; sourceTree = "<group>"; };
		8A12865817806B77002170B5 /* logging.h */ = {isa = PBXFileReference; lastKnownFileType = sourcecode.c.h; path = logging.h; sourceTree = "<group>"; };
		8A12865917806B85002170B5 /* logging.cc */ = {isa = PBXFileReference; lastKnownFileType = sourcecode.cpp.cpp; path = logging.cc; sourceTree = "<group>"; };
		8A12865C1780A1E6002170B5 /* libev.4.dylib */ = {isa = PBXFileReference; lastKnownFileType = "compiled.mach-o.dylib"; name = libev.4.dylib; path = ../../../../../../usr/local/Cellar/libev/4.15/lib/libev.4.dylib; sourceTree = "<group>"; };
		8A12865D1780A1E6002170B5 /* libmsgpack.3.dylib */ = {isa = PBXFileReference; lastKnownFileType = "compiled.mach-o.dylib"; name = libmsgpack.3.dylib; path = ../../../../../../usr/local/Cellar/msgpack/0.5.7/lib/libmsgpack.3.dylib; sourceTree = "<group>"; };
		8A1F61E816866A4500E53FBB /* resource_manager.cc */ = {isa = PBXFileReference; lastKnownFileType = sourcecode.cpp.cpp; lineEnding = 0; path = resource_manager.cc; sourceTree = "<group>"; };
		8A1F61EA16866A4500E53FBB /* camera.cc */ = {isa = PBXFileReference; lastKnownFileType = sourcecode.cpp.cpp; lineEnding = 0; path = camera.cc; sourceTree = "<group>"; };
		8A1F61EC16866A4500E53FBB /* gl_func.cc */ = {isa = PBXFileReference; lastKnownFileType = sourcecode.cpp.cpp; lineEnding = 0; path = gl_func.cc; sourceTree = "<group>"; xcLanguageSpecificationIdentifier = xcode.lang.cpp; };
		8A1F61ED16866A4500E53FBB /* gl_state.cc */ = {isa = PBXFileReference; lastKnownFileType = sourcecode.cpp.cpp; lineEnding = 0; path = gl_state.cc; sourceTree = "<group>"; };
		8A1F61EE16866A4500E53FBB /* material.cc */ = {isa = PBXFileReference; lastKnownFileType = sourcecode.cpp.cpp; lineEnding = 0; path = material.cc; sourceTree = "<group>"; };
		8A1F61EF16866A4500E53FBB /* mesh.cc */ = {isa = PBXFileReference; lastKnownFileType = sourcecode.cpp.cpp; lineEnding = 0; path = mesh.cc; sourceTree = "<group>"; xcLanguageSpecificationIdentifier = xcode.lang.cpp; };
		8A1F61F016866A4500E53FBB /* render_queue.cc */ = {isa = PBXFileReference; lastKnownFileType = sourcecode.cpp.cpp; lineEnding = 0; path = render_queue.cc; sourceTree = "<group>"; };
		8A1F61F316866A4500E53FBB /* shader.cc */ = {isa = PBXFileReference; lastKnownFileType = sourcecode.cpp.cpp; lineEnding = 0; path = shader.cc; sourceTree = "<group>"; };
		8A1F61F416866A4500E53FBB /* texture.cc */ = {isa = PBXFileReference; lastKnownFileType = sourcecode.cpp.cpp; lineEnding = 0; path = texture.cc; sourceTree = "<group>"; xcLanguageSpecificationIdentifier = xcode.lang.cpp; };
		8A1F61F516866A4500E53FBB /* view_frustum.cc */ = {isa = PBXFileReference; lastKnownFileType = sourcecode.cpp.cpp; lineEnding = 0; path = view_frustum.cc; sourceTree = "<group>"; xcLanguageSpecificationIdentifier = xcode.lang.cpp; };
		8A1F61F716866A4500E53FBB /* matrix3.cc */ = {isa = PBXFileReference; lastKnownFileType = sourcecode.cpp.cpp; lineEnding = 0; path = matrix3.cc; sourceTree = "<group>"; xcLanguageSpecificationIdentifier = xcode.lang.cpp; };
		8A1F61F816866A4500E53FBB /* matrix4.cc */ = {isa = PBXFileReference; lastKnownFileType = sourcecode.cpp.cpp; lineEnding = 0; path = matrix4.cc; sourceTree = "<group>"; };
		8A1F61F916866A4500E53FBB /* quaternion.cc */ = {isa = PBXFileReference; lastKnownFileType = sourcecode.cpp.cpp; lineEnding = 0; path = quaternion.cc; sourceTree = "<group>"; xcLanguageSpecificationIdentifier = xcode.lang.cpp; };
		8A1F61FB16866A4500E53FBB /* command_dispatch.cc */ = {isa = PBXFileReference; lastKnownFileType = sourcecode.cpp.cpp; lineEnding = 0; path = command_dispatch.cc; sourceTree = "<group>"; };
		8A1F61FC16866A4500E53FBB /* event_loop.cc */ = {isa = PBXFileReference; lastKnownFileType = sourcecode.cpp.cpp; lineEnding = 0; path = event_loop.cc; sourceTree = "<group>"; xcLanguageSpecificationIdentifier = xcode.lang.cpp; };
		8A1F61FE16866A4500E53FBB /* animatable.cc */ = {isa = PBXFileReference; lastKnownFileType = sourcecode.cpp.cpp; lineEnding = 0; path = animatable.cc; sourceTree = "<group>"; };
		8A1F620216866A4500E53FBB /* time.cc */ = {isa = PBXFileReference; lastKnownFileType = sourcecode.cpp.cpp; lineEnding = 0; path = time.cc; sourceTree = "<group>"; xcLanguageSpecificationIdentifier = xcode.lang.cpp; };
		8A1F620816866B0600E53FBB /* RWSampleiOS.app */ = {isa = PBXFileReference; explicitFileType = wrapper.application; includeInIndex = 0; path = RWSampleiOS.app; sourceTree = BUILT_PRODUCTS_DIR; };
		8A1F620C16866B0600E53FBB /* UIKit.framework */ = {isa = PBXFileReference; lastKnownFileType = wrapper.framework; name = UIKit.framework; path = Library/Frameworks/UIKit.framework; sourceTree = DEVELOPER_DIR; };
		8A1F620E16866B0600E53FBB /* Foundation.framework */ = {isa = PBXFileReference; lastKnownFileType = wrapper.framework; name = Foundation.framework; path = Library/Frameworks/Foundation.framework; sourceTree = DEVELOPER_DIR; };
		8A1F621016866B0600E53FBB /* CoreGraphics.framework */ = {isa = PBXFileReference; lastKnownFileType = wrapper.framework; name = CoreGraphics.framework; path = Library/Frameworks/CoreGraphics.framework; sourceTree = DEVELOPER_DIR; };
		8A1F621416866B0600E53FBB /* RWSample-Info.plist */ = {isa = PBXFileReference; lastKnownFileType = text.plist.xml; path = "RWSample-Info.plist"; sourceTree = "<group>"; };
		8A1F621616866B0600E53FBB /* en */ = {isa = PBXFileReference; lastKnownFileType = text.plist.strings; name = en; path = en.lproj/InfoPlist.strings; sourceTree = "<group>"; };
		8A1F621816866B0600E53FBB /* main.m */ = {isa = PBXFileReference; lastKnownFileType = sourcecode.c.objc; path = main.m; sourceTree = "<group>"; };
		8A1F621A16866B0600E53FBB /* RWSample-Prefix.pch */ = {isa = PBXFileReference; lastKnownFileType = sourcecode.c.h; path = "RWSample-Prefix.pch"; sourceTree = "<group>"; };
		8A1F621E16866B0600E53FBB /* Default.png */ = {isa = PBXFileReference; lastKnownFileType = image.png; path = Default.png; sourceTree = "<group>"; };
		8A1F622016866B0600E53FBB /* Default@2x.png */ = {isa = PBXFileReference; lastKnownFileType = image.png; path = "Default@2x.png"; sourceTree = "<group>"; };
		8A1F622216866B0600E53FBB /* Default-568h@2x.png */ = {isa = PBXFileReference; lastKnownFileType = image.png; path = "Default-568h@2x.png"; sourceTree = "<group>"; };
		8A1F622D16866C2300E53FBB /* RWSampleOSX.app */ = {isa = PBXFileReference; explicitFileType = wrapper.application; includeInIndex = 0; path = RWSampleOSX.app; sourceTree = BUILT_PRODUCTS_DIR; };
		8A1F622F16866C2300E53FBB /* Cocoa.framework */ = {isa = PBXFileReference; lastKnownFileType = wrapper.framework; name = Cocoa.framework; path = System/Library/Frameworks/Cocoa.framework; sourceTree = SDKROOT; };
		8A1F623216866C2300E53FBB /* AppKit.framework */ = {isa = PBXFileReference; lastKnownFileType = wrapper.framework; name = AppKit.framework; path = System/Library/Frameworks/AppKit.framework; sourceTree = SDKROOT; };
		8A1F623316866C2300E53FBB /* CoreData.framework */ = {isa = PBXFileReference; lastKnownFileType = wrapper.framework; name = CoreData.framework; path = System/Library/Frameworks/CoreData.framework; sourceTree = SDKROOT; };
		8A1F623416866C2300E53FBB /* Foundation.framework */ = {isa = PBXFileReference; lastKnownFileType = wrapper.framework; name = Foundation.framework; path = System/Library/Frameworks/Foundation.framework; sourceTree = SDKROOT; };
		8A1F623716866C2300E53FBB /* RWSample-Info.plist */ = {isa = PBXFileReference; lastKnownFileType = text.plist.xml; path = "RWSample-Info.plist"; sourceTree = "<group>"; };
		8A1F623916866C2300E53FBB /* en */ = {isa = PBXFileReference; lastKnownFileType = text.plist.strings; name = en; path = en.lproj/InfoPlist.strings; sourceTree = "<group>"; };
		8A1F623B16866C2300E53FBB /* main.m */ = {isa = PBXFileReference; lastKnownFileType = sourcecode.c.objc; path = main.m; sourceTree = "<group>"; };
		8A1F623D16866C2300E53FBB /* RWSample-Prefix.pch */ = {isa = PBXFileReference; lastKnownFileType = sourcecode.c.h; path = "RWSample-Prefix.pch"; sourceTree = "<group>"; };
		8A1F623F16866C2300E53FBB /* en */ = {isa = PBXFileReference; lastKnownFileType = text.rtf; name = en; path = en.lproj/Credits.rtf; sourceTree = "<group>"; };
		8A1F624116866C2300E53FBB /* RWOSXAppDelegate.h */ = {isa = PBXFileReference; lastKnownFileType = sourcecode.c.h; path = RWOSXAppDelegate.h; sourceTree = "<group>"; };
		8A1F624216866C2300E53FBB /* RWOSXAppDelegate.mm */ = {isa = PBXFileReference; lastKnownFileType = sourcecode.cpp.objcpp; path = RWOSXAppDelegate.mm; sourceTree = "<group>"; };
		8A1F624516866C2300E53FBB /* en */ = {isa = PBXFileReference; lastKnownFileType = file.xib; name = en; path = en.lproj/MainMenu.xib; sourceTree = "<group>"; };
		8A1F624A16866CB600E53FBB /* RWiOSAppDelegate.h */ = {isa = PBXFileReference; fileEncoding = 4; lastKnownFileType = sourcecode.c.h; path = RWiOSAppDelegate.h; sourceTree = "<group>"; };
		8A1F624B16866CB600E53FBB /* RWiOSAppDelegate.mm */ = {isa = PBXFileReference; fileEncoding = 4; lastKnownFileType = sourcecode.cpp.objcpp; path = RWiOSAppDelegate.mm; sourceTree = "<group>"; };
		8A1F628116866EBD00E53FBB /* clang_msgpack.h */ = {isa = PBXFileReference; fileEncoding = 4; lastKnownFileType = sourcecode.c.h; path = clang_msgpack.h; sourceTree = "<group>"; };
		8A1F628216866EBD00E53FBB /* resource_manager.h */ = {isa = PBXFileReference; fileEncoding = 4; lastKnownFileType = sourcecode.c.h; lineEnding = 0; path = resource_manager.h; sourceTree = "<group>"; xcLanguageSpecificationIdentifier = xcode.lang.objcpp; };
		8A1F628416866EBD00E53FBB /* camera.h */ = {isa = PBXFileReference; fileEncoding = 4; lastKnownFileType = sourcecode.c.h; lineEnding = 0; path = camera.h; sourceTree = "<group>"; xcLanguageSpecificationIdentifier = xcode.lang.objcpp; };
		8A1F628616866EBD00E53FBB /* gl_func.h */ = {isa = PBXFileReference; fileEncoding = 4; lastKnownFileType = sourcecode.c.h; lineEnding = 0; path = gl_func.h; sourceTree = "<group>"; xcLanguageSpecificationIdentifier = xcode.lang.objcpp; };
		8A1F628716866EBD00E53FBB /* gl_state.h */ = {isa = PBXFileReference; fileEncoding = 4; lastKnownFileType = sourcecode.c.h; lineEnding = 0; path = gl_state.h; sourceTree = "<group>"; };
		8A1F628816866EBD00E53FBB /* material.h */ = {isa = PBXFileReference; fileEncoding = 4; lastKnownFileType = sourcecode.c.h; lineEnding = 0; path = material.h; sourceTree = "<group>"; };
		8A1F628916866EBD00E53FBB /* mesh.h */ = {isa = PBXFileReference; fileEncoding = 4; lastKnownFileType = sourcecode.c.h; lineEnding = 0; path = mesh.h; sourceTree = "<group>"; };
		8A1F628A16866EBD00E53FBB /* platform_gl.h */ = {isa = PBXFileReference; fileEncoding = 4; lastKnownFileType = sourcecode.c.h; lineEnding = 0; path = platform_gl.h; sourceTree = "<group>"; xcLanguageSpecificationIdentifier = xcode.lang.objcpp; };
		8A1F628B16866EBD00E53FBB /* render_queue.h */ = {isa = PBXFileReference; fileEncoding = 4; lastKnownFileType = sourcecode.c.h; lineEnding = 0; path = render_queue.h; sourceTree = "<group>"; };
		8A1F628E16866EBD00E53FBB /* shader.h */ = {isa = PBXFileReference; fileEncoding = 4; lastKnownFileType = sourcecode.c.h; lineEnding = 0; path = shader.h; sourceTree = "<group>"; };
		8A1F628F16866EBD00E53FBB /* texture.h */ = {isa = PBXFileReference; fileEncoding = 4; lastKnownFileType = sourcecode.c.h; lineEnding = 0; path = texture.h; sourceTree = "<group>"; xcLanguageSpecificationIdentifier = xcode.lang.objcpp; };
		8A1F629016866EBD00E53FBB /* view_frustum.h */ = {isa = PBXFileReference; fileEncoding = 4; lastKnownFileType = sourcecode.c.h; lineEnding = 0; path = view_frustum.h; sourceTree = "<group>"; xcLanguageSpecificationIdentifier = xcode.lang.objcpp; };
		8A1F629316866EBD00E53FBB /* math_types.h */ = {isa = PBXFileReference; fileEncoding = 4; lastKnownFileType = sourcecode.c.h; lineEnding = 0; path = math_types.h; sourceTree = "<group>"; };
		8A1F629416866EBD00E53FBB /* matrix3.h */ = {isa = PBXFileReference; fileEncoding = 4; lastKnownFileType = sourcecode.c.h; lineEnding = 0; path = matrix3.h; sourceTree = "<group>"; xcLanguageSpecificationIdentifier = xcode.lang.objcpp; };
		8A1F629516866EBD00E53FBB /* matrix4.h */ = {isa = PBXFileReference; fileEncoding = 4; lastKnownFileType = sourcecode.c.h; lineEnding = 0; path = matrix4.h; sourceTree = "<group>"; xcLanguageSpecificationIdentifier = xcode.lang.objcpp; };
		8A1F629616866EBD00E53FBB /* quaternion.h */ = {isa = PBXFileReference; fileEncoding = 4; lastKnownFileType = sourcecode.c.h; lineEnding = 0; path = quaternion.h; sourceTree = "<group>"; xcLanguageSpecificationIdentifier = xcode.lang.objcpp; };
		8A1F629716866EBD00E53FBB /* trig.h */ = {isa = PBXFileReference; fileEncoding = 4; lastKnownFileType = sourcecode.c.h; lineEnding = 0; path = trig.h; sourceTree = "<group>"; xcLanguageSpecificationIdentifier = xcode.lang.objcpp; };
		8A1F629816866EBD00E53FBB /* vector.h */ = {isa = PBXFileReference; fileEncoding = 4; lastKnownFileType = sourcecode.c.h; lineEnding = 0; path = vector.h; sourceTree = "<group>"; xcLanguageSpecificationIdentifier = xcode.lang.objcpp; };
		8A1F629B16866EBD00E53FBB /* command_dispatch.h */ = {isa = PBXFileReference; fileEncoding = 4; lastKnownFileType = sourcecode.c.h; lineEnding = 0; path = command_dispatch.h; sourceTree = "<group>"; xcLanguageSpecificationIdentifier = xcode.lang.objcpp; };
		8A1F629C16866EBD00E53FBB /* event_loop.h */ = {isa = PBXFileReference; fileEncoding = 4; lastKnownFileType = sourcecode.c.h; lineEnding = 0; path = event_loop.h; sourceTree = "<group>"; xcLanguageSpecificationIdentifier = xcode.lang.objcpp; };
		8A1F629E16866EBD00E53FBB /* animatable-impl.h */ = {isa = PBXFileReference; fileEncoding = 4; lastKnownFileType = sourcecode.c.h; lineEnding = 0; path = "animatable-impl.h"; sourceTree = "<group>"; };
		8A1F629F16866EBD00E53FBB /* animatable.h */ = {isa = PBXFileReference; fileEncoding = 4; lastKnownFileType = sourcecode.c.h; lineEnding = 0; path = animatable.h; sourceTree = "<group>"; };
		8A1F62A216866EBD00E53FBB /* interpolate.h */ = {isa = PBXFileReference; fileEncoding = 4; lastKnownFileType = sourcecode.c.h; lineEnding = 0; path = interpolate.h; sourceTree = "<group>"; };
		8A1F62A416866EBD00E53FBB /* time.h */ = {isa = PBXFileReference; fileEncoding = 4; lastKnownFileType = sourcecode.c.h; lineEnding = 0; path = time.h; sourceTree = "<group>"; xcLanguageSpecificationIdentifier = xcode.lang.objcpp; };
		8A1F62A616866F7E00E53FBB /* OpenGL.framework */ = {isa = PBXFileReference; lastKnownFileType = wrapper.framework; name = OpenGL.framework; path = Platforms/MacOSX.platform/Developer/SDKs/MacOSX10.8.sdk/System/Library/Frameworks/OpenGL.framework; sourceTree = DEVELOPER_DIR; };
		8A1F62A81686723000E53FBB /* memory.h */ = {isa = PBXFileReference; lastKnownFileType = sourcecode.c.h; path = memory.h; sourceTree = "<group>"; };
		8A1F62A91686759300E53FBB /* RWGLView.h */ = {isa = PBXFileReference; fileEncoding = 4; lastKnownFileType = sourcecode.c.h; lineEnding = 0; path = RWGLView.h; sourceTree = "<group>"; };
		8A1F62AB168675B700E53FBB /* RWGLView.mm */ = {isa = PBXFileReference; fileEncoding = 4; lastKnownFileType = sourcecode.cpp.objcpp; lineEnding = 0; path = RWGLView.mm; sourceTree = "<group>"; };
		8A1F62B61686782400E53FBB /* OpenGLES.framework */ = {isa = PBXFileReference; lastKnownFileType = wrapper.framework; name = OpenGLES.framework; path = Platforms/iPhoneOS.platform/Developer/SDKs/iPhoneOS6.0.sdk/System/Library/Frameworks/OpenGLES.framework; sourceTree = DEVELOPER_DIR; };
		8A1F62B81686787500E53FBB /* GLKit.framework */ = {isa = PBXFileReference; lastKnownFileType = wrapper.framework; name = GLKit.framework; path = Platforms/iPhoneOS.platform/Developer/SDKs/iPhoneOS6.0.sdk/System/Library/Frameworks/GLKit.framework; sourceTree = DEVELOPER_DIR; };
		8A1F62BA1686789400E53FBB /* RWViewController.h */ = {isa = PBXFileReference; fileEncoding = 4; lastKnownFileType = sourcecode.c.h; path = RWViewController.h; sourceTree = "<group>"; };
		8A1F62BB1686789400E53FBB /* RWViewController.mm */ = {isa = PBXFileReference; fileEncoding = 4; lastKnownFileType = sourcecode.cpp.objcpp; lineEnding = 0; path = RWViewController.mm; sourceTree = "<group>"; xcLanguageSpecificationIdentifier = xcode.lang.objc; };
		8A357195168F81F100EA130B /* RWBuildWorker.h */ = {isa = PBXFileReference; lastKnownFileType = sourcecode.c.h; path = RWBuildWorker.h; sourceTree = "<group>"; };
		8A357198168F823B00EA130B /* RWDeviceConnection.h */ = {isa = PBXFileReference; lastKnownFileType = sourcecode.c.h; path = RWDeviceConnection.h; sourceTree = "<group>"; };
		8A357199168F875900EA130B /* Python.framework */ = {isa = PBXFileReference; lastKnownFileType = wrapper.framework; name = Python.framework; path = Platforms/MacOSX.platform/Developer/SDKs/MacOSX10.8.sdk/System/Library/Frameworks/Python.framework; sourceTree = DEVELOPER_DIR; };
		8A35719E168F8EE200EA130B /* main.py */ = {isa = PBXFileReference; fileEncoding = 4; lastKnownFileType = text.script.python; path = main.py; sourceTree = "<group>"; };
		8A3571A0168F8F9400EA130B /* __init__.py */ = {isa = PBXFileReference; fileEncoding = 4; lastKnownFileType = text.script.python; path = __init__.py; sourceTree = "<group>"; };
		8A3571A1168F8F9400EA130B /* build_graph.py */ = {isa = PBXFileReference; fileEncoding = 4; lastKnownFileType = text.script.python; path = build_graph.py; sourceTree = "<group>"; };
		8A3571A2168F8F9400EA130B /* build_tasks.py */ = {isa = PBXFileReference; fileEncoding = 4; lastKnownFileType = text.script.python; path = build_tasks.py; sourceTree = "<group>"; };
		8A3571A3168F8F9400EA130B /* fbx_importer.py */ = {isa = PBXFileReference; fileEncoding = 4; lastKnownFileType = text.script.python; path = fbx_importer.py; sourceTree = "<group>"; };
		8A3571A4168F8F9400EA130B /* incremental_graph.py */ = {isa = PBXFileReference; fileEncoding = 4; lastKnownFileType = text.script.python; path = incremental_graph.py; sourceTree = "<group>"; };
		8A3571A5168F8F9400EA130B /* obj_importer.py */ = {isa = PBXFileReference; fileEncoding = 4; lastKnownFileType = text.script.python; path = obj_importer.py; sourceTree = "<group>"; };
		8A3571A6168F8F9400EA130B /* worker.py */ = {isa = PBXFileReference; fileEncoding = 4; lastKnownFileType = text.script.python; path = worker.py; sourceTree = "<group>"; };
		8A3571AE168F8FA600EA130B /* __init__.py */ = {isa = PBXFileReference; fileEncoding = 4; lastKnownFileType = text.script.python; path = __init__.py; sourceTree = "<group>"; };
		8A3571AF168F8FA600EA130B /* connection.py */ = {isa = PBXFileReference; fileEncoding = 4; lastKnownFileType = text.script.python; path = connection.py; sourceTree = "<group>"; };
		8A3571CA1691C85400EA130B /* plane.h */ = {isa = PBXFileReference; fileEncoding = 4; lastKnownFileType = sourcecode.c.h; path = plane.h; sourceTree = "<group>"; };
		8A3571CB1691C8E200EA130B /* plane.cc */ = {isa = PBXFileReference; fileEncoding = 4; lastKnownFileType = sourcecode.cpp.cpp; path = plane.cc; sourceTree = "<group>"; };
		8A3571CF1691C91000EA130B /* CoreVideo.framework */ = {isa = PBXFileReference; lastKnownFileType = wrapper.framework; name = CoreVideo.framework; path = Platforms/MacOSX.platform/Developer/SDKs/MacOSX10.8.sdk/System/Library/Frameworks/CoreVideo.framework; sourceTree = DEVELOPER_DIR; };
		8A37209F176DE1E200C0FEE5 /* component_array.cc */ = {isa = PBXFileReference; fileEncoding = 4; lastKnownFileType = sourcecode.cpp.cpp; path = component_array.cc; sourceTree = "<group>"; };
		8A3720A0176DE1E200C0FEE5 /* component.cc */ = {isa = PBXFileReference; fileEncoding = 4; lastKnownFileType = sourcecode.cpp.cpp; path = component.cc; sourceTree = "<group>"; };
		8A3720A1176DE1E200C0FEE5 /* entity.cc */ = {isa = PBXFileReference; fileEncoding = 4; lastKnownFileType = sourcecode.cpp.cpp; path = entity.cc; sourceTree = "<group>"; };
		8A3720A2176DE1E200C0FEE5 /* event.cc */ = {isa = PBXFileReference; fileEncoding = 4; lastKnownFileType = sourcecode.cpp.cpp; path = event.cc; sourceTree = "<group>"; };
		8A3720A3176DE1E200C0FEE5 /* transform.cc */ = {isa = PBXFileReference; fileEncoding = 4; lastKnownFileType = sourcecode.cpp.cpp; path = transform.cc; sourceTree = "<group>"; };
		8A3720A9176DE1FA00C0FEE5 /* vector.cc */ = {isa = PBXFileReference; fileEncoding = 4; lastKnownFileType = sourcecode.cpp.cpp; path = vector.cc; sourceTree = "<group>"; };
		8A3720BD176DE22700C0FEE5 /* debug.cc */ = {isa = PBXFileReference; fileEncoding = 4; lastKnownFileType = sourcecode.cpp.cpp; path = debug.cc; sourceTree = "<group>"; };
		8A3720BE176DE22700C0FEE5 /* render_system.cc */ = {isa = PBXFileReference; fileEncoding = 4; lastKnownFileType = sourcecode.cpp.cpp; path = render_system.cc; sourceTree = "<group>"; };
		8A99376A1780C02400CFA977 /* librosewood-osx.a */ = {isa = PBXFileReference; explicitFileType = archive.ar; includeInIndex = 0; path = "librosewood-osx.a"; sourceTree = BUILT_PRODUCTS_DIR; };
		8AE143F01693476E00A92298 /* stats.cc */ = {isa = PBXFileReference; fileEncoding = 4; lastKnownFileType = sourcecode.cpp.cpp; path = stats.cc; sourceTree = "<group>"; };
		8AE143F31693477C00A92298 /* stats.h */ = {isa = PBXFileReference; fileEncoding = 4; lastKnownFileType = sourcecode.c.h; path = stats.h; sourceTree = "<group>"; };
		8AE7628516872251006FC8BC /* image_loader.h */ = {isa = PBXFileReference; fileEncoding = 4; lastKnownFileType = sourcecode.c.h; path = image_loader.h; sourceTree = "<group>"; };
		8AE7628616872268006FC8BC /* image_loader_osx.mm */ = {isa = PBXFileReference; fileEncoding = 4; lastKnownFileType = sourcecode.cpp.objcpp; path = image_loader_osx.mm; sourceTree = "<group>"; };
		8AE76289168726AF006FC8BC /* image_loader_ios.mm */ = {isa = PBXFileReference; fileEncoding = 4; lastKnownFileType = sourcecode.cpp.objcpp; path = image_loader_ios.mm; sourceTree = "<group>"; };
		8AE7628B16873E34006FC8BC /* sample_app.cc */ = {isa = PBXFileReference; fileEncoding = 4; lastKnownFileType = sourcecode.cpp.cpp; path = sample_app.cc; sourceTree = "<group>"; };
		8AE7628C16873E34006FC8BC /* sample_app.h */ = {isa = PBXFileReference; fileEncoding = 4; lastKnownFileType = sourcecode.c.h; path = sample_app.h; sourceTree = "<group>"; };
		8AE7629816874CBF006FC8BC /* ev.h */ = {isa = PBXFileReference; fileEncoding = 4; lastKnownFileType = sourcecode.c.h; path = ev.h; sourceTree = "<group>"; };
		8AE7629A16874CBF006FC8BC /* object.h */ = {isa = PBXFileReference; fileEncoding = 4; lastKnownFileType = sourcecode.c.h; path = object.h; sourceTree = "<group>"; };
		8AE7629B16874CBF006FC8BC /* object.hpp */ = {isa = PBXFileReference; fileEncoding = 4; lastKnownFileType = sourcecode.cpp.h; path = object.hpp; sourceTree = "<group>"; };
		8AE7629C16874CBF006FC8BC /* pack.h */ = {isa = PBXFileReference; fileEncoding = 4; lastKnownFileType = sourcecode.c.h; path = pack.h; sourceTree = "<group>"; };
		8AE7629D16874CBF006FC8BC /* pack.hpp */ = {isa = PBXFileReference; fileEncoding = 4; lastKnownFileType = sourcecode.cpp.h; path = pack.hpp; sourceTree = "<group>"; };
		8AE7629E16874CBF006FC8BC /* pack_define.h */ = {isa = PBXFileReference; fileEncoding = 4; lastKnownFileType = sourcecode.c.h; path = pack_define.h; sourceTree = "<group>"; };
		8AE7629F16874CBF006FC8BC /* pack_template.h */ = {isa = PBXFileReference; fileEncoding = 4; lastKnownFileType = sourcecode.c.h; path = pack_template.h; sourceTree = "<group>"; };
		8AE762A016874CBF006FC8BC /* sbuffer.h */ = {isa = PBXFileReference; fileEncoding = 4; lastKnownFileType = sourcecode.c.h; path = sbuffer.h; sourceTree = "<group>"; };
		8AE762A116874CBF006FC8BC /* sbuffer.hpp */ = {isa = PBXFileReference; fileEncoding = 4; lastKnownFileType = sourcecode.cpp.h; path = sbuffer.hpp; sourceTree = "<group>"; };
		8AE762A216874CBF006FC8BC /* sysdep.h */ = {isa = PBXFileReference; fileEncoding = 4; lastKnownFileType = sourcecode.c.h; path = sysdep.h; sourceTree = "<group>"; };
		8AE762A416874CBF006FC8BC /* bool.hpp */ = {isa = PBXFileReference; fileEncoding = 4; lastKnownFileType = sourcecode.cpp.h; path = bool.hpp; sourceTree = "<group>"; };
		8AE762A516874CBF006FC8BC /* define.hpp */ = {isa = PBXFileReference; fileEncoding = 4; lastKnownFileType = sourcecode.cpp.h; path = define.hpp; sourceTree = "<group>"; };
		8AE762A616874CBF006FC8BC /* deque.hpp */ = {isa = PBXFileReference; fileEncoding = 4; lastKnownFileType = sourcecode.cpp.h; path = deque.hpp; sourceTree = "<group>"; };
		8AE762A716874CBF006FC8BC /* fixint.hpp */ = {isa = PBXFileReference; fileEncoding = 4; lastKnownFileType = sourcecode.cpp.h; path = fixint.hpp; sourceTree = "<group>"; };
		8AE762A816874CBF006FC8BC /* float.hpp */ = {isa = PBXFileReference; fileEncoding = 4; lastKnownFileType = sourcecode.cpp.h; path = float.hpp; sourceTree = "<group>"; };
		8AE762A916874CBF006FC8BC /* int.hpp */ = {isa = PBXFileReference; fileEncoding = 4; lastKnownFileType = sourcecode.cpp.h; path = int.hpp; sourceTree = "<group>"; };
		8AE762AA16874CBF006FC8BC /* list.hpp */ = {isa = PBXFileReference; fileEncoding = 4; lastKnownFileType = sourcecode.cpp.h; path = list.hpp; sourceTree = "<group>"; };
		8AE762AB16874CBF006FC8BC /* map.hpp */ = {isa = PBXFileReference; fileEncoding = 4; lastKnownFileType = sourcecode.cpp.h; path = map.hpp; sourceTree = "<group>"; };
		8AE762AC16874CBF006FC8BC /* nil.hpp */ = {isa = PBXFileReference; fileEncoding = 4; lastKnownFileType = sourcecode.cpp.h; path = nil.hpp; sourceTree = "<group>"; };
		8AE762AD16874CBF006FC8BC /* pair.hpp */ = {isa = PBXFileReference; fileEncoding = 4; lastKnownFileType = sourcecode.cpp.h; path = pair.hpp; sourceTree = "<group>"; };
		8AE762AE16874CBF006FC8BC /* raw.hpp */ = {isa = PBXFileReference; fileEncoding = 4; lastKnownFileType = sourcecode.cpp.h; path = raw.hpp; sourceTree = "<group>"; };
		8AE762AF16874CBF006FC8BC /* set.hpp */ = {isa = PBXFileReference; fileEncoding = 4; lastKnownFileType = sourcecode.cpp.h; path = set.hpp; sourceTree = "<group>"; };
		8AE762B016874CBF006FC8BC /* string.hpp */ = {isa = PBXFileReference; fileEncoding = 4; lastKnownFileType = sourcecode.cpp.h; path = string.hpp; sourceTree = "<group>"; };
		8AE762B216874CBF006FC8BC /* unordered_map.hpp */ = {isa = PBXFileReference; fileEncoding = 4; lastKnownFileType = sourcecode.cpp.h; path = unordered_map.hpp; sourceTree = "<group>"; };
		8AE762B316874CBF006FC8BC /* unordered_set.hpp */ = {isa = PBXFileReference; fileEncoding = 4; lastKnownFileType = sourcecode.cpp.h; path = unordered_set.hpp; sourceTree = "<group>"; };
		8AE762B416874CBF006FC8BC /* tuple.hpp */ = {isa = PBXFileReference; fileEncoding = 4; lastKnownFileType = sourcecode.cpp.h; path = tuple.hpp; sourceTree = "<group>"; };
		8AE762B516874CBF006FC8BC /* vector.hpp */ = {isa = PBXFileReference; fileEncoding = 4; lastKnownFileType = sourcecode.cpp.h; path = vector.hpp; sourceTree = "<group>"; };
		8AE762B616874CBF006FC8BC /* type.hpp */ = {isa = PBXFileReference; fileEncoding = 4; lastKnownFileType = sourcecode.cpp.h; path = type.hpp; sourceTree = "<group>"; };
		8AE762B716874CBF006FC8BC /* unpack.h */ = {isa = PBXFileReference; fileEncoding = 4; lastKnownFileType = sourcecode.c.h; path = unpack.h; sourceTree = "<group>"; };
		8AE762B816874CBF006FC8BC /* unpack.hpp */ = {isa = PBXFileReference; fileEncoding = 4; lastKnownFileType = sourcecode.cpp.h; path = unpack.hpp; sourceTree = "<group>"; };
		8AE762B916874CBF006FC8BC /* unpack_define.h */ = {isa = PBXFileReference; fileEncoding = 4; lastKnownFileType = sourcecode.c.h; path = unpack_define.h; sourceTree = "<group>"; };
		8AE762BA16874CBF006FC8BC /* unpack_template.h */ = {isa = PBXFileReference; fileEncoding = 4; lastKnownFileType = sourcecode.c.h; path = unpack_template.h; sourceTree = "<group>"; };
		8AE762BB16874CBF006FC8BC /* version.h */ = {isa = PBXFileReference; fileEncoding = 4; lastKnownFileType = sourcecode.c.h; path = version.h; sourceTree = "<group>"; };
		8AE762BC16874CBF006FC8BC /* vrefbuffer.h */ = {isa = PBXFileReference; fileEncoding = 4; lastKnownFileType = sourcecode.c.h; path = vrefbuffer.h; sourceTree = "<group>"; };
		8AE762BD16874CBF006FC8BC /* vrefbuffer.hpp */ = {isa = PBXFileReference; fileEncoding = 4; lastKnownFileType = sourcecode.cpp.h; path = vrefbuffer.hpp; sourceTree = "<group>"; };
		8AE762BE16874CBF006FC8BC /* zbuffer.h */ = {isa = PBXFileReference; fileEncoding = 4; lastKnownFileType = sourcecode.c.h; path = zbuffer.h; sourceTree = "<group>"; };
		8AE762BF16874CBF006FC8BC /* zbuffer.hpp */ = {isa = PBXFileReference; fileEncoding = 4; lastKnownFileType = sourcecode.cpp.h; path = zbuffer.hpp; sourceTree = "<group>"; };
		8AE762C016874CBF006FC8BC /* zone.h */ = {isa = PBXFileReference; fileEncoding = 4; lastKnownFileType = sourcecode.c.h; path = zone.h; sourceTree = "<group>"; };
		8AE762C116874CBF006FC8BC /* zone.hpp */ = {isa = PBXFileReference; fileEncoding = 4; lastKnownFileType = sourcecode.cpp.h; path = zone.hpp; sourceTree = "<group>"; };
		8AE762C216874CBF006FC8BC /* msgpack.h */ = {isa = PBXFileReference; fileEncoding = 4; lastKnownFileType = sourcecode.c.h; path = msgpack.h; sourceTree = "<group>"; };
		8AE762C316874CBF006FC8BC /* msgpack.hpp */ = {isa = PBXFileReference; fileEncoding = 4; lastKnownFileType = sourcecode.cpp.h; path = msgpack.hpp; sourceTree = "<group>"; };
		8AF05084168F7F85001B8093 /* Rosewood.app */ = {isa = PBXFileReference; explicitFileType = wrapper.application; includeInIndex = 0; path = Rosewood.app; sourceTree = BUILT_PRODUCTS_DIR; };
		8AF05089168F7F85001B8093 /* Rosewood-Info.plist */ = {isa = PBXFileReference; lastKnownFileType = text.plist.xml; path = "Rosewood-Info.plist"; sourceTree = "<group>"; };
		8AF0508B168F7F85001B8093 /* en */ = {isa = PBXFileReference; lastKnownFileType = text.plist.strings; name = en; path = en.lproj/InfoPlist.strings; sourceTree = "<group>"; };
		8AF0508D168F7F85001B8093 /* main.m */ = {isa = PBXFileReference; lastKnownFileType = sourcecode.c.objc; path = main.m; sourceTree = "<group>"; };
		8AF0508F168F7F85001B8093 /* Rosewood-Prefix.pch */ = {isa = PBXFileReference; lastKnownFileType = sourcecode.c.h; path = "Rosewood-Prefix.pch"; sourceTree = "<group>"; };
		8AF05091168F7F85001B8093 /* en */ = {isa = PBXFileReference; lastKnownFileType = text.rtf; name = en; path = en.lproj/Credits.rtf; sourceTree = "<group>"; };
		8AF05093168F7F85001B8093 /* RWBuildController.h */ = {isa = PBXFileReference; lastKnownFileType = sourcecode.c.h; path = RWBuildController.h; sourceTree = "<group>"; };
		8AF05094168F7F85001B8093 /* RWBuildController.m */ = {isa = PBXFileReference; lastKnownFileType = sourcecode.c.objc; path = RWBuildController.m; sourceTree = "<group>"; };
		8AF05097168F7F85001B8093 /* en */ = {isa = PBXFileReference; lastKnownFileType = file.xib; name = en; path = en.lproj/MainMenu.xib; sourceTree = "<group>"; };
/* End PBXFileReference section */

/* Begin PBXFrameworksBuildPhase section */
		8A1F620516866B0600E53FBB /* Frameworks */ = {
			isa = PBXFrameworksBuildPhase;
			buildActionMask = 2147483647;
			files = (
				8A1F62B91686787600E53FBB /* GLKit.framework in Frameworks */,
				8A1F62B71686782600E53FBB /* OpenGLES.framework in Frameworks */,
				8A1F620D16866B0600E53FBB /* UIKit.framework in Frameworks */,
				8A1F620F16866B0600E53FBB /* Foundation.framework in Frameworks */,
				8A1F621116866B0600E53FBB /* CoreGraphics.framework in Frameworks */,
			);
			runOnlyForDeploymentPostprocessing = 0;
		};
		8A1F622A16866C2300E53FBB /* Frameworks */ = {
			isa = PBXFrameworksBuildPhase;
			buildActionMask = 2147483647;
			files = (
				8A9937901780C06C00CFA977 /* librosewood-osx.a in Frameworks */,
				8A12865E1780A1E6002170B5 /* libev.4.dylib in Frameworks */,
				8A12865F1780A1E6002170B5 /* libmsgpack.3.dylib in Frameworks */,
				8A3571D01691C91000EA130B /* CoreVideo.framework in Frameworks */,
				8A1F62A716866F7F00E53FBB /* OpenGL.framework in Frameworks */,
				8A1F623016866C2300E53FBB /* Cocoa.framework in Frameworks */,
			);
			runOnlyForDeploymentPostprocessing = 0;
		};
		8A9937671780C02400CFA977 /* Frameworks */ = {
			isa = PBXFrameworksBuildPhase;
			buildActionMask = 2147483647;
			files = (
			);
			runOnlyForDeploymentPostprocessing = 0;
		};
		8AF05081168F7F85001B8093 /* Frameworks */ = {
			isa = PBXFrameworksBuildPhase;
			buildActionMask = 2147483647;
			files = (
				8A35719A168F875900EA130B /* Python.framework in Frameworks */,
				8AF05086168F7F85001B8093 /* Cocoa.framework in Frameworks */,
			);
			runOnlyForDeploymentPostprocessing = 0;
		};
/* End PBXFrameworksBuildPhase section */

/* Begin PBXGroup section */
		8A12865217803EB4002170B5 /* ns */ = {
			isa = PBXGroup;
			children = (
				8A12864E1780369B002170B5 /* bundle_resource_loader.mm */,
			);
			path = ns;
			sourceTree = "<group>";
		};
		8A12865417803EE2002170B5 /* ns */ = {
			isa = PBXGroup;
			children = (
				8A12864F178036A4002170B5 /* bundle_resource_loader.h */,
			);
			path = ns;
			sourceTree = "<group>";
		};
		8A1F61D81686696500E53FBB = {
			isa = PBXGroup;
			children = (
				8AF0507E168F7F2D001B8093 /* build-server */,
				8A1F627E16866EBD00E53FBB /* include */,
				8A1F61E616866A4500E53FBB /* src */,
				8A1F621216866B0600E53FBB /* example */,
				8AF05087168F7F85001B8093 /* Rosewood */,
				8A1F620B16866B0600E53FBB /* Frameworks */,
				8A1F620916866B0600E53FBB /* Products */,
			);
			sourceTree = "<group>";
		};
		8A1F61E616866A4500E53FBB /* src */ = {
			isa = PBXGroup;
			children = (
				8A1F61E716866A4500E53FBB /* core */,
				8A1F61E916866A4500E53FBB /* graphics */,
				8A1F622816866BD100E53FBB /* ios */,
				8A1F61F616866A4500E53FBB /* math */,
				8A12865217803EB4002170B5 /* ns */,
				8A1F62AA168675A700E53FBB /* osx */,
				8A1F61FA16866A4500E53FBB /* remote-control */,
				8A1F61FD16866A4500E53FBB /* utils */,
			);
			name = src;
			path = ../src;
			sourceTree = "<group>";
		};
		8A1F61E716866A4500E53FBB /* core */ = {
			isa = PBXGroup;
			children = (
				8A3720A0176DE1E200C0FEE5 /* component.cc */,
				8A37209F176DE1E200C0FEE5 /* component_array.cc */,
				8A3720A1176DE1E200C0FEE5 /* entity.cc */,
				8A3720A2176DE1E200C0FEE5 /* event.cc */,
				8A12865917806B85002170B5 /* logging.cc */,
				8A1F61E816866A4500E53FBB /* resource_manager.cc */,
				8AE143F01693476E00A92298 /* stats.cc */,
				8A3720A3176DE1E200C0FEE5 /* transform.cc */,
			);
			path = core;
			sourceTree = "<group>";
		};
		8A1F61E916866A4500E53FBB /* graphics */ = {
			isa = PBXGroup;
			children = (
				8A1F61EA16866A4500E53FBB /* camera.cc */,
				8A1F61EC16866A4500E53FBB /* gl_func.cc */,
				8A1F61ED16866A4500E53FBB /* gl_state.cc */,
				8AE76289168726AF006FC8BC /* image_loader_ios.mm */,
				8AE7628616872268006FC8BC /* image_loader_osx.mm */,
				8A1F61EE16866A4500E53FBB /* material.cc */,
				8A1F61EF16866A4500E53FBB /* mesh.cc */,
				8A1F61F016866A4500E53FBB /* render_queue.cc */,
				8A1F61F316866A4500E53FBB /* shader.cc */,
				8A1F61F416866A4500E53FBB /* texture.cc */,
				8A1F61F516866A4500E53FBB /* view_frustum.cc */,
			);
			path = graphics;
			sourceTree = "<group>";
		};
		8A1F61F616866A4500E53FBB /* math */ = {
			isa = PBXGroup;
			children = (
				8A1F61F716866A4500E53FBB /* matrix3.cc */,
				8A1F61F816866A4500E53FBB /* matrix4.cc */,
				8A3571CB1691C8E200EA130B /* plane.cc */,
				8A1F61F916866A4500E53FBB /* quaternion.cc */,
				8A3720A9176DE1FA00C0FEE5 /* vector.cc */,
			);
			path = math;
			sourceTree = "<group>";
		};
		8A1F61FA16866A4500E53FBB /* remote-control */ = {
			isa = PBXGroup;
			children = (
				8A1F61FB16866A4500E53FBB /* command_dispatch.cc */,
				8A1F61FC16866A4500E53FBB /* event_loop.cc */,
			);
			path = "remote-control";
			sourceTree = "<group>";
		};
		8A1F61FD16866A4500E53FBB /* utils */ = {
			isa = PBXGroup;
			children = (
				8A1F61FE16866A4500E53FBB /* animatable.cc */,
				8A3720BD176DE22700C0FEE5 /* debug.cc */,
				8A12864B17803665002170B5 /* folder_resource_loader.cc */,
				8A3720BE176DE22700C0FEE5 /* render_system.cc */,
				8A1F620216866A4500E53FBB /* time.cc */,
				8A12864D17803665002170B5 /* url_downloader_osx.mm */,
			);
			path = utils;
			sourceTree = "<group>";
		};
		8A1F620916866B0600E53FBB /* Products */ = {
			isa = PBXGroup;
			children = (
				8A1F620816866B0600E53FBB /* RWSampleiOS.app */,
				8A1F622D16866C2300E53FBB /* RWSampleOSX.app */,
				8AF05084168F7F85001B8093 /* Rosewood.app */,
				8A99376A1780C02400CFA977 /* librosewood-osx.a */,
			);
			name = Products;
			sourceTree = "<group>";
		};
		8A1F620B16866B0600E53FBB /* Frameworks */ = {
			isa = PBXGroup;
			children = (
				8A12865C1780A1E6002170B5 /* libev.4.dylib */,
				8A12865D1780A1E6002170B5 /* libmsgpack.3.dylib */,
				8A3571CF1691C91000EA130B /* CoreVideo.framework */,
				8A357199168F875900EA130B /* Python.framework */,
				8A1F62B81686787500E53FBB /* GLKit.framework */,
				8A1F62B61686782400E53FBB /* OpenGLES.framework */,
				8A1F62A616866F7E00E53FBB /* OpenGL.framework */,
				8A1F620C16866B0600E53FBB /* UIKit.framework */,
				8A1F620E16866B0600E53FBB /* Foundation.framework */,
				8A1F621016866B0600E53FBB /* CoreGraphics.framework */,
				8A1F622F16866C2300E53FBB /* Cocoa.framework */,
				8A1F623116866C2300E53FBB /* Other Frameworks */,
			);
			name = Frameworks;
			sourceTree = "<group>";
		};
		8A1F621216866B0600E53FBB /* example */ = {
			isa = PBXGroup;
			children = (
				8A1F624D16866CBD00E53FBB /* osx */,
				8A1F622716866BB000E53FBB /* ios */,
				8AE7628B16873E34006FC8BC /* sample_app.cc */,
				8AE7628C16873E34006FC8BC /* sample_app.h */,
			);
			name = example;
			path = ../example;
			sourceTree = "<group>";
		};
		8A1F621316866B0600E53FBB /* Supporting Files */ = {
			isa = PBXGroup;
			children = (
				8A1F621416866B0600E53FBB /* RWSample-Info.plist */,
				8A1F621516866B0600E53FBB /* InfoPlist.strings */,
				8A1F621816866B0600E53FBB /* main.m */,
				8A1F621A16866B0600E53FBB /* RWSample-Prefix.pch */,
				8A1F621E16866B0600E53FBB /* Default.png */,
				8A1F622016866B0600E53FBB /* Default@2x.png */,
				8A1F622216866B0600E53FBB /* Default-568h@2x.png */,
			);
			name = "Supporting Files";
			sourceTree = "<group>";
		};
		8A1F622716866BB000E53FBB /* ios */ = {
			isa = PBXGroup;
			children = (
				8A1F624A16866CB600E53FBB /* RWiOSAppDelegate.h */,
				8A1F624B16866CB600E53FBB /* RWiOSAppDelegate.mm */,
				8A1F621316866B0600E53FBB /* Supporting Files */,
			);
			path = ios;
			sourceTree = "<group>";
		};
		8A1F622816866BD100E53FBB /* ios */ = {
			isa = PBXGroup;
			children = (
				8A1F62BB1686789400E53FBB /* RWViewController.mm */,
			);
			path = ios;
			sourceTree = "<group>";
		};
		8A1F623116866C2300E53FBB /* Other Frameworks */ = {
			isa = PBXGroup;
			children = (
				8A1F623216866C2300E53FBB /* AppKit.framework */,
				8A1F623316866C2300E53FBB /* CoreData.framework */,
				8A1F623416866C2300E53FBB /* Foundation.framework */,
			);
			name = "Other Frameworks";
			sourceTree = "<group>";
		};
		8A1F623616866C2300E53FBB /* Supporting Files */ = {
			isa = PBXGroup;
			children = (
				8A1F623716866C2300E53FBB /* RWSample-Info.plist */,
				8A1F623816866C2300E53FBB /* InfoPlist.strings */,
				8A1F623B16866C2300E53FBB /* main.m */,
				8A1F623D16866C2300E53FBB /* RWSample-Prefix.pch */,
				8A1F623E16866C2300E53FBB /* Credits.rtf */,
			);
			name = "Supporting Files";
			sourceTree = "<group>";
		};
		8A1F624D16866CBD00E53FBB /* osx */ = {
			isa = PBXGroup;
			children = (
				8A1F624116866C2300E53FBB /* RWOSXAppDelegate.h */,
				8A1F624216866C2300E53FBB /* RWOSXAppDelegate.mm */,
				8A1F624416866C2300E53FBB /* MainMenu.xib */,
				8A1F623616866C2300E53FBB /* Supporting Files */,
			);
			path = osx;
			sourceTree = "<group>";
		};
		8A1F627E16866EBD00E53FBB /* include */ = {
			isa = PBXGroup;
			children = (
				8AE7629716874CAE006FC8BC /* other */,
				8A1F627F16866EBD00E53FBB /* rosewood */,
			);
			name = include;
			path = ../include;
			sourceTree = "<group>";
		};
		8A1F627F16866EBD00E53FBB /* rosewood */ = {
			isa = PBXGroup;
			children = (
				8A1F628016866EBD00E53FBB /* core */,
				8A1F628316866EBD00E53FBB /* graphics */,
				8A1F629116866EBD00E53FBB /* ios */,
				8A1F629216866EBD00E53FBB /* math */,
				8A12865417803EE2002170B5 /* ns */,
				8A1F629916866EBD00E53FBB /* osx */,
				8A1F629A16866EBD00E53FBB /* remote-control */,
				8A1F629D16866EBD00E53FBB /* utils */,
			);
			path = rosewood;
			sourceTree = "<group>";
		};
		8A1F628016866EBD00E53FBB /* core */ = {
			isa = PBXGroup;
			children = (
				8A1F628116866EBD00E53FBB /* clang_msgpack.h */,
				8A12863D17803608002170B5 /* component.h */,
				8A12863C17803608002170B5 /* component_array.h */,
				8A12863E17803608002170B5 /* entity.h */,
				8A12863F17803608002170B5 /* event.h */,
				8A12865817806B77002170B5 /* logging.h */,
				8A1F62A81686723000E53FBB /* memory.h */,
				8A1F628216866EBD00E53FBB /* resource_manager.h */,
				8AE143F31693477C00A92298 /* stats.h */,
				8A12864017803608002170B5 /* transform.h */,
			);
			path = core;
			sourceTree = "<group>";
		};
		8A1F628316866EBD00E53FBB /* graphics */ = {
			isa = PBXGroup;
			children = (
				8A1F628416866EBD00E53FBB /* camera.h */,
				8A1F628616866EBD00E53FBB /* gl_func.h */,
				8A1F628716866EBD00E53FBB /* gl_state.h */,
				8AE7628516872251006FC8BC /* image_loader.h */,
				8A12864217803617002170B5 /* light.h */,
				8A1F628816866EBD00E53FBB /* material.h */,
				8A1F628916866EBD00E53FBB /* mesh.h */,
				8A1F628A16866EBD00E53FBB /* platform_gl.h */,
				8A1F628B16866EBD00E53FBB /* render_queue.h */,
				8A12864317803617002170B5 /* renderable.h */,
				8A1F628E16866EBD00E53FBB /* shader.h */,
				8A1F628F16866EBD00E53FBB /* texture.h */,
				8A1F629016866EBD00E53FBB /* view_frustum.h */,
			);
			path = graphics;
			sourceTree = "<group>";
		};
		8A1F629116866EBD00E53FBB /* ios */ = {
			isa = PBXGroup;
			children = (
				8A1F62BA1686789400E53FBB /* RWViewController.h */,
			);
			path = ios;
			sourceTree = "<group>";
		};
		8A1F629216866EBD00E53FBB /* math */ = {
			isa = PBXGroup;
			children = (
				8A12864417803625002170B5 /* math_ostream.h */,
				8A1F629316866EBD00E53FBB /* math_types.h */,
				8A12864517803625002170B5 /* math_utils.h */,
				8A1F629416866EBD00E53FBB /* matrix3.h */,
				8A1F629516866EBD00E53FBB /* matrix4.h */,
				8A3571CA1691C85400EA130B /* plane.h */,
				8A1F629616866EBD00E53FBB /* quaternion.h */,
				8A1F629716866EBD00E53FBB /* trig.h */,
				8A1F629816866EBD00E53FBB /* vector.h */,
			);
			path = math;
			sourceTree = "<group>";
		};
		8A1F629916866EBD00E53FBB /* osx */ = {
			isa = PBXGroup;
			children = (
				8A1F62A91686759300E53FBB /* RWGLView.h */,
			);
			path = osx;
			sourceTree = "<group>";
		};
		8A1F629A16866EBD00E53FBB /* remote-control */ = {
			isa = PBXGroup;
			children = (
				8A1F629B16866EBD00E53FBB /* command_dispatch.h */,
				8A1F629C16866EBD00E53FBB /* event_loop.h */,
			);
			path = "remote-control";
			sourceTree = "<group>";
		};
		8A1F629D16866EBD00E53FBB /* utils */ = {
			isa = PBXGroup;
			children = (
				8A1F629E16866EBD00E53FBB /* animatable-impl.h */,
				8A1F629F16866EBD00E53FBB /* animatable.h */,
				8A12864617803638002170B5 /* debug.h */,
				8A12864717803638002170B5 /* folder_resource_loader.h */,
				8A1F62A216866EBD00E53FBB /* interpolate.h */,
				8A12864917803638002170B5 /* render_system.h */,
				8A1F62A416866EBD00E53FBB /* time.h */,
				8A12864A17803638002170B5 /* url_downloader_osx.h */,
			);
			path = utils;
			sourceTree = "<group>";
		};
		8A1F62AA168675A700E53FBB /* osx */ = {
			isa = PBXGroup;
			children = (
				8A1F62AB168675B700E53FBB /* RWGLView.mm */,
			);
			path = osx;
			sourceTree = "<group>";
		};
		8A357196168F81F500EA130B /* build */ = {
			isa = PBXGroup;
			children = (
				8A3571A0168F8F9400EA130B /* __init__.py */,
				8A3571A1168F8F9400EA130B /* build_graph.py */,
				8A3571A2168F8F9400EA130B /* build_tasks.py */,
				8A3571A3168F8F9400EA130B /* fbx_importer.py */,
				8A3571A4168F8F9400EA130B /* incremental_graph.py */,
				8A3571A5168F8F9400EA130B /* obj_importer.py */,
				8A357195168F81F100EA130B /* RWBuildWorker.h */,
				8A3571A6168F8F9400EA130B /* worker.py */,
			);
			path = build;
			sourceTree = "<group>";
		};
		8A357197168F821200EA130B /* remote */ = {
			isa = PBXGroup;
			children = (
				8A3571AE168F8FA600EA130B /* __init__.py */,
				8A3571AF168F8FA600EA130B /* connection.py */,
				8A357198168F823B00EA130B /* RWDeviceConnection.h */,
			);
			path = remote;
			sourceTree = "<group>";
		};
		8AE7629716874CAE006FC8BC /* other */ = {
			isa = PBXGroup;
			children = (
				8AE7629916874CBF006FC8BC /* msgpack */,
				8AE7629816874CBF006FC8BC /* ev.h */,
				8AE762C216874CBF006FC8BC /* msgpack.h */,
				8AE762C316874CBF006FC8BC /* msgpack.hpp */,
			);
			name = other;
			sourceTree = "<group>";
		};
		8AE7629916874CBF006FC8BC /* msgpack */ = {
			isa = PBXGroup;
			children = (
				8AE762A316874CBF006FC8BC /* type */,
				8AE7629A16874CBF006FC8BC /* object.h */,
				8AE7629B16874CBF006FC8BC /* object.hpp */,
				8AE7629C16874CBF006FC8BC /* pack.h */,
				8AE7629D16874CBF006FC8BC /* pack.hpp */,
				8AE7629E16874CBF006FC8BC /* pack_define.h */,
				8AE7629F16874CBF006FC8BC /* pack_template.h */,
				8AE762A016874CBF006FC8BC /* sbuffer.h */,
				8AE762A116874CBF006FC8BC /* sbuffer.hpp */,
				8AE762A216874CBF006FC8BC /* sysdep.h */,
				8AE762B616874CBF006FC8BC /* type.hpp */,
				8AE762B716874CBF006FC8BC /* unpack.h */,
				8AE762B816874CBF006FC8BC /* unpack.hpp */,
				8AE762B916874CBF006FC8BC /* unpack_define.h */,
				8AE762BA16874CBF006FC8BC /* unpack_template.h */,
				8AE762BB16874CBF006FC8BC /* version.h */,
				8AE762BC16874CBF006FC8BC /* vrefbuffer.h */,
				8AE762BD16874CBF006FC8BC /* vrefbuffer.hpp */,
				8AE762BE16874CBF006FC8BC /* zbuffer.h */,
				8AE762BF16874CBF006FC8BC /* zbuffer.hpp */,
				8AE762C016874CBF006FC8BC /* zone.h */,
				8AE762C116874CBF006FC8BC /* zone.hpp */,
			);
			path = msgpack;
			sourceTree = "<group>";
		};
		8AE762A316874CBF006FC8BC /* type */ = {
			isa = PBXGroup;
			children = (
				8AE762B116874CBF006FC8BC /* tr1 */,
				8AE762A416874CBF006FC8BC /* bool.hpp */,
				8AE762A516874CBF006FC8BC /* define.hpp */,
				8AE762A616874CBF006FC8BC /* deque.hpp */,
				8AE762A716874CBF006FC8BC /* fixint.hpp */,
				8AE762A816874CBF006FC8BC /* float.hpp */,
				8AE762A916874CBF006FC8BC /* int.hpp */,
				8AE762AA16874CBF006FC8BC /* list.hpp */,
				8AE762AB16874CBF006FC8BC /* map.hpp */,
				8AE762AC16874CBF006FC8BC /* nil.hpp */,
				8AE762AD16874CBF006FC8BC /* pair.hpp */,
				8AE762AE16874CBF006FC8BC /* raw.hpp */,
				8AE762AF16874CBF006FC8BC /* set.hpp */,
				8AE762B016874CBF006FC8BC /* string.hpp */,
				8AE762B416874CBF006FC8BC /* tuple.hpp */,
				8AE762B516874CBF006FC8BC /* vector.hpp */,
			);
			path = type;
			sourceTree = "<group>";
		};
		8AE762B116874CBF006FC8BC /* tr1 */ = {
			isa = PBXGroup;
			children = (
				8AE762B216874CBF006FC8BC /* unordered_map.hpp */,
				8AE762B316874CBF006FC8BC /* unordered_set.hpp */,
			);
			path = tr1;
			sourceTree = "<group>";
		};
		8AF0507E168F7F2D001B8093 /* build-server */ = {
			isa = PBXGroup;
			children = (
				8A357196168F81F500EA130B /* build */,
				8AF05088168F7F85001B8093 /* misc */,
				8A357197168F821200EA130B /* remote */,
				8AF0509C168F8018001B8093 /* ui */,
				8A35719E168F8EE200EA130B /* main.py */,
			);
			name = "build-server";
			path = "../build-server";
			sourceTree = "<group>";
		};
		8AF05087168F7F85001B8093 /* Rosewood */ = {
			isa = PBXGroup;
			children = (
			);
			path = Rosewood;
			sourceTree = "<group>";
		};
		8AF05088168F7F85001B8093 /* misc */ = {
			isa = PBXGroup;
			children = (
				8AF05090168F7F85001B8093 /* Credits.rtf */,
				8AF0508A168F7F85001B8093 /* InfoPlist.strings */,
				8AF0508D168F7F85001B8093 /* main.m */,
				8AF05089168F7F85001B8093 /* Rosewood-Info.plist */,
				8AF0508F168F7F85001B8093 /* Rosewood-Prefix.pch */,
			);
			path = misc;
			sourceTree = "<group>";
		};
		8AF0509C168F8018001B8093 /* ui */ = {
			isa = PBXGroup;
			children = (
				8AF05096168F7F85001B8093 /* MainMenu.xib */,
				8AF05093168F7F85001B8093 /* RWBuildController.h */,
				8AF05094168F7F85001B8093 /* RWBuildController.m */,
			);
			path = ui;
			sourceTree = "<group>";
		};
/* End PBXGroup section */

/* Begin PBXHeadersBuildPhase section */
		8A9937681780C02400CFA977 /* Headers */ = {
			isa = PBXHeadersBuildPhase;
			buildActionMask = 2147483647;
			files = (
			);
			runOnlyForDeploymentPostprocessing = 0;
		};
/* End PBXHeadersBuildPhase section */

/* Begin PBXNativeTarget section */
		8A1F620716866B0600E53FBB /* RWSampleiOS */ = {
			isa = PBXNativeTarget;
			buildConfigurationList = 8A1F622416866B0600E53FBB /* Build configuration list for PBXNativeTarget "RWSampleiOS" */;
			buildPhases = (
				8A1F620416866B0600E53FBB /* Sources */,
				8A1F620516866B0600E53FBB /* Frameworks */,
				8A1F620616866B0600E53FBB /* Resources */,
				8AE7629616874A56006FC8BC /* ShellScript */,
			);
			buildRules = (
			);
			dependencies = (
			);
			name = RWSampleiOS;
			productName = RWSample;
			productReference = 8A1F620816866B0600E53FBB /* RWSampleiOS.app */;
			productType = "com.apple.product-type.application";
		};
		8A1F622C16866C2300E53FBB /* RWSampleOSX */ = {
			isa = PBXNativeTarget;
			buildConfigurationList = 8A1F624716866C2300E53FBB /* Build configuration list for PBXNativeTarget "RWSampleOSX" */;
			buildPhases = (
				8A1F622916866C2300E53FBB /* Sources */,
				8A1F622A16866C2300E53FBB /* Frameworks */,
				8A1F622B16866C2300E53FBB /* Resources */,
				8AE7629516874580006FC8BC /* ShellScript */,
			);
			buildRules = (
			);
			dependencies = (
				8A9937921780C07100CFA977 /* PBXTargetDependency */,
			);
			name = RWSampleOSX;
			productName = RWSample;
			productReference = 8A1F622D16866C2300E53FBB /* RWSampleOSX.app */;
			productType = "com.apple.product-type.application";
		};
		8A9937691780C02400CFA977 /* rosewood-osx */ = {
			isa = PBXNativeTarget;
			buildConfigurationList = 8A99376D1780C02400CFA977 /* Build configuration list for PBXNativeTarget "rosewood-osx" */;
			buildPhases = (
				8A9937661780C02400CFA977 /* Sources */,
				8A9937671780C02400CFA977 /* Frameworks */,
				8A9937681780C02400CFA977 /* Headers */,
			);
			buildRules = (
			);
			dependencies = (
			);
			name = "rosewood-osx";
			productName = "rosewood-osx";
			productReference = 8A99376A1780C02400CFA977 /* librosewood-osx.a */;
			productType = "com.apple.product-type.library.static";
		};
		8AF05083168F7F85001B8093 /* Rosewood */ = {
			isa = PBXNativeTarget;
			buildConfigurationList = 8AF05099168F7F85001B8093 /* Build configuration list for PBXNativeTarget "Rosewood" */;
			buildPhases = (
				8AF05080168F7F85001B8093 /* Sources */,
				8AF05081168F7F85001B8093 /* Frameworks */,
				8AF05082168F7F85001B8093 /* Resources */,
				8A3571B2168F8FB400EA130B /* CopyFiles */,
				8A3571BA168F8FE100EA130B /* CopyFiles */,
			);
			buildRules = (
			);
			dependencies = (
			);
			name = Rosewood;
			productName = Rosewood;
			productReference = 8AF05084168F7F85001B8093 /* Rosewood.app */;
			productType = "com.apple.product-type.application";
		};
/* End PBXNativeTarget section */

/* Begin PBXProject section */
		8A1F61DA1686696500E53FBB /* Project object */ = {
			isa = PBXProject;
			attributes = {
				LastUpgradeCheck = 0500;
			};
			buildConfigurationList = 8A1F61DD1686696500E53FBB /* Build configuration list for PBXProject "Rosewood" */;
			compatibilityVersion = "Xcode 3.2";
			developmentRegion = English;
			hasScannedForEncodings = 0;
			knownRegions = (
				en,
			);
			mainGroup = 8A1F61D81686696500E53FBB;
			productRefGroup = 8A1F620916866B0600E53FBB /* Products */;
			projectDirPath = "";
			projectRoot = "";
			targets = (
				8A1F620716866B0600E53FBB /* RWSampleiOS */,
				8A1F622C16866C2300E53FBB /* RWSampleOSX */,
				8AF05083168F7F85001B8093 /* Rosewood */,
				8A9937691780C02400CFA977 /* rosewood-osx */,
			);
		};
/* End PBXProject section */

/* Begin PBXResourcesBuildPhase section */
		8A1F620616866B0600E53FBB /* Resources */ = {
			isa = PBXResourcesBuildPhase;
			buildActionMask = 2147483647;
			files = (
				8A1F621716866B0600E53FBB /* InfoPlist.strings in Resources */,
				8A1F621F16866B0600E53FBB /* Default.png in Resources */,
				8A1F622116866B0600E53FBB /* Default@2x.png in Resources */,
				8A1F622316866B0600E53FBB /* Default-568h@2x.png in Resources */,
			);
			runOnlyForDeploymentPostprocessing = 0;
		};
		8A1F622B16866C2300E53FBB /* Resources */ = {
			isa = PBXResourcesBuildPhase;
			buildActionMask = 2147483647;
			files = (
				8A1F623A16866C2300E53FBB /* InfoPlist.strings in Resources */,
				8A1F624016866C2300E53FBB /* Credits.rtf in Resources */,
				8A1F624616866C2300E53FBB /* MainMenu.xib in Resources */,
			);
			runOnlyForDeploymentPostprocessing = 0;
		};
		8AF05082168F7F85001B8093 /* Resources */ = {
			isa = PBXResourcesBuildPhase;
			buildActionMask = 2147483647;
			files = (
				8AF0508C168F7F85001B8093 /* InfoPlist.strings in Resources */,
				8AF05092168F7F85001B8093 /* Credits.rtf in Resources */,
				8AF05098168F7F85001B8093 /* MainMenu.xib in Resources */,
				8A35719F168F8EE200EA130B /* main.py in Resources */,
			);
			runOnlyForDeploymentPostprocessing = 0;
		};
/* End PBXResourcesBuildPhase section */

/* Begin PBXShellScriptBuildPhase section */
		8AE7629516874580006FC8BC /* ShellScript */ = {
			isa = PBXShellScriptBuildPhase;
			buildActionMask = 2147483647;
			files = (
			);
			inputPaths = (
			);
			outputPaths = (
			);
			runOnlyForDeploymentPostprocessing = 0;
			shellPath = /bin/sh;
			shellScript = "rsync --recursive --delete --update \"${PROJECT_DIR}/../asset-build\" \"${BUILT_PRODUCTS_DIR}/${UNLOCALIZED_RESOURCES_FOLDER_PATH}\"";
		};
		8AE7629616874A56006FC8BC /* ShellScript */ = {
			isa = PBXShellScriptBuildPhase;
			buildActionMask = 2147483647;
			files = (
			);
			inputPaths = (
			);
			outputPaths = (
			);
			runOnlyForDeploymentPostprocessing = 0;
			shellPath = /bin/sh;
			shellScript = "rsync --recursive --delete --update \"${PROJECT_DIR}/../asset-build\" \"${BUILT_PRODUCTS_DIR}/${UNLOCALIZED_RESOURCES_FOLDER_PATH}\"";
		};
/* End PBXShellScriptBuildPhase section */

/* Begin PBXSourcesBuildPhase section */
		8A1F620416866B0600E53FBB /* Sources */ = {
			isa = PBXSourcesBuildPhase;
			buildActionMask = 2147483647;
			files = (
				8A1F621916866B0600E53FBB /* main.m in Sources */,
				8A1F624C16866CB600E53FBB /* RWiOSAppDelegate.mm in Sources */,
				8A1F624E16866E5800E53FBB /* resource_manager.cc in Sources */,
				8A12865317803ED1002170B5 /* bundle_resource_loader.mm in Sources */,
				8A1F624F16866E5800E53FBB /* camera.cc in Sources */,
				8A1F625116866E5800E53FBB /* gl_func.cc in Sources */,
				8A1F625216866E5800E53FBB /* gl_state.cc in Sources */,
				8A1F625316866E5800E53FBB /* material.cc in Sources */,
				8A1F625416866E5800E53FBB /* mesh.cc in Sources */,
				8A1F625516866E5800E53FBB /* render_queue.cc in Sources */,
				8A1F625816866E5800E53FBB /* shader.cc in Sources */,
				8A1F625916866E5800E53FBB /* texture.cc in Sources */,
				8A1F625A16866E5800E53FBB /* view_frustum.cc in Sources */,
				8A1F625B16866E5800E53FBB /* matrix3.cc in Sources */,
				8A1F625C16866E5800E53FBB /* matrix4.cc in Sources */,
				8A12865B17806B8A002170B5 /* logging.cc in Sources */,
				8A1F625D16866E5800E53FBB /* quaternion.cc in Sources */,
				8A1F625E16866E5800E53FBB /* command_dispatch.cc in Sources */,
				8A1F625F16866E5800E53FBB /* event_loop.cc in Sources */,
				8A1F626016866E5800E53FBB /* animatable.cc in Sources */,
				8A1F626216866E5800E53FBB /* time.cc in Sources */,
				8A1F62BC1686789400E53FBB /* RWViewController.mm in Sources */,
				8AE7628A168726AF006FC8BC /* image_loader_ios.mm in Sources */,
				8AE7628D16873E34006FC8BC /* sample_app.cc in Sources */,
				8A3571CE1691C8F500EA130B /* plane.cc in Sources */,
				8AE143F11693476E00A92298 /* stats.cc in Sources */,
				8A3720A4176DE1E200C0FEE5 /* component_array.cc in Sources */,
				8A3720A5176DE1E200C0FEE5 /* component.cc in Sources */,
				8A3720A6176DE1E200C0FEE5 /* entity.cc in Sources */,
				8A3720A7176DE1E200C0FEE5 /* event.cc in Sources */,
				8A3720A8176DE1E200C0FEE5 /* transform.cc in Sources */,
				8A3720AA176DE1FA00C0FEE5 /* vector.cc in Sources */,
				8A3720BF176DE22700C0FEE5 /* debug.cc in Sources */,
				8A3720C1176DE22700C0FEE5 /* render_system.cc in Sources */,
			);
			runOnlyForDeploymentPostprocessing = 0;
		};
		8A1F622916866C2300E53FBB /* Sources */ = {
			isa = PBXSourcesBuildPhase;
			buildActionMask = 2147483647;
			files = (
				8A9937931780C0DF00CFA977 /* sample_app.cc in Sources */,
				8A1F623C16866C2300E53FBB /* main.m in Sources */,
				8A1F624316866C2300E53FBB /* RWOSXAppDelegate.mm in Sources */,
			);
			runOnlyForDeploymentPostprocessing = 0;
		};
		8A9937661780C02400CFA977 /* Sources */ = {
			isa = PBXSourcesBuildPhase;
			buildActionMask = 2147483647;
			files = (
				8A99376E1780C05E00CFA977 /* component.cc in Sources */,
				8A99376F1780C05E00CFA977 /* component_array.cc in Sources */,
				8A9937701780C05E00CFA977 /* entity.cc in Sources */,
				8A9937711780C05E00CFA977 /* event.cc in Sources */,
				8A9937721780C05E00CFA977 /* logging.cc in Sources */,
				8A9937731780C05E00CFA977 /* resource_manager.cc in Sources */,
				8A9937741780C05E00CFA977 /* stats.cc in Sources */,
				8A9937751780C05E00CFA977 /* transform.cc in Sources */,
				8A9937761780C05E00CFA977 /* camera.cc in Sources */,
				8A9937771780C05E00CFA977 /* gl_func.cc in Sources */,
				8A9937781780C05E00CFA977 /* gl_state.cc in Sources */,
				8A99377A1780C05E00CFA977 /* image_loader_osx.mm in Sources */,
				8A99377B1780C05E00CFA977 /* material.cc in Sources */,
				8A99377C1780C05E00CFA977 /* mesh.cc in Sources */,
				8A99377D1780C05E00CFA977 /* render_queue.cc in Sources */,
				8A99377E1780C05E00CFA977 /* shader.cc in Sources */,
				8A99377F1780C05E00CFA977 /* texture.cc in Sources */,
				8A9937801780C05E00CFA977 /* view_frustum.cc in Sources */,
				8A9937811780C05E00CFA977 /* matrix3.cc in Sources */,
				8A9937821780C05E00CFA977 /* matrix4.cc in Sources */,
				8A9937831780C05E00CFA977 /* plane.cc in Sources */,
				8A9937841780C05E00CFA977 /* quaternion.cc in Sources */,
				8A9937851780C05E00CFA977 /* vector.cc in Sources */,
				8A9937861780C05E00CFA977 /* bundle_resource_loader.mm in Sources */,
				8A9937871780C05E00CFA977 /* RWGLView.mm in Sources */,
				8A9937881780C05E00CFA977 /* command_dispatch.cc in Sources */,
				8A9937891780C05E00CFA977 /* event_loop.cc in Sources */,
				8A99378A1780C05E00CFA977 /* animatable.cc in Sources */,
				8A99378B1780C05E00CFA977 /* debug.cc in Sources */,
				8A99378C1780C05E00CFA977 /* folder_resource_loader.cc in Sources */,
				8A99378D1780C05E00CFA977 /* render_system.cc in Sources */,
				8A99378E1780C05E00CFA977 /* time.cc in Sources */,
				8A99378F1780C05E00CFA977 /* url_downloader_osx.mm in Sources */,
			);
			runOnlyForDeploymentPostprocessing = 0;
		};
		8AF05080168F7F85001B8093 /* Sources */ = {
			isa = PBXSourcesBuildPhase;
			buildActionMask = 2147483647;
			files = (
				8AF0508E168F7F85001B8093 /* main.m in Sources */,
				8AF05095168F7F85001B8093 /* RWBuildController.m in Sources */,
			);
			runOnlyForDeploymentPostprocessing = 0;
		};
/* End PBXSourcesBuildPhase section */

/* Begin PBXTargetDependency section */
		8A9937921780C07100CFA977 /* PBXTargetDependency */ = {
			isa = PBXTargetDependency;
			target = 8A9937691780C02400CFA977 /* rosewood-osx */;
			targetProxy = 8A9937911780C07100CFA977 /* PBXContainerItemProxy */;
		};
/* End PBXTargetDependency section */

/* Begin PBXVariantGroup section */
		8A1F621516866B0600E53FBB /* InfoPlist.strings */ = {
			isa = PBXVariantGroup;
			children = (
				8A1F621616866B0600E53FBB /* en */,
			);
			name = InfoPlist.strings;
			sourceTree = "<group>";
		};
		8A1F623816866C2300E53FBB /* InfoPlist.strings */ = {
			isa = PBXVariantGroup;
			children = (
				8A1F623916866C2300E53FBB /* en */,
			);
			name = InfoPlist.strings;
			sourceTree = "<group>";
		};
		8A1F623E16866C2300E53FBB /* Credits.rtf */ = {
			isa = PBXVariantGroup;
			children = (
				8A1F623F16866C2300E53FBB /* en */,
			);
			name = Credits.rtf;
			sourceTree = "<group>";
		};
		8A1F624416866C2300E53FBB /* MainMenu.xib */ = {
			isa = PBXVariantGroup;
			children = (
				8A1F624516866C2300E53FBB /* en */,
			);
			name = MainMenu.xib;
			sourceTree = "<group>";
		};
		8AF0508A168F7F85001B8093 /* InfoPlist.strings */ = {
			isa = PBXVariantGroup;
			children = (
				8AF0508B168F7F85001B8093 /* en */,
			);
			name = InfoPlist.strings;
			sourceTree = "<group>";
		};
		8AF05090168F7F85001B8093 /* Credits.rtf */ = {
			isa = PBXVariantGroup;
			children = (
				8AF05091168F7F85001B8093 /* en */,
			);
			name = Credits.rtf;
			sourceTree = "<group>";
		};
		8AF05096168F7F85001B8093 /* MainMenu.xib */ = {
			isa = PBXVariantGroup;
			children = (
				8AF05097168F7F85001B8093 /* en */,
			);
			name = MainMenu.xib;
			sourceTree = "<group>";
		};
/* End PBXVariantGroup section */

/* Begin XCBuildConfiguration section */
		8A1F61DF1686696500E53FBB /* Debug */ = {
			isa = XCBuildConfiguration;
			buildSettings = {
				CLANG_CXX_LANGUAGE_STANDARD = "c++0x";
				CLANG_CXX_LIBRARY = "libc++";
				CLANG_ENABLE_OBJC_ARC = YES;
				CLANG_WARN_SUSPICIOUS_IMPLICIT_CONVERSION = YES;
				CLANG_WARN__DUPLICATE_METHOD_MATCH = YES;
				GCC_C_LANGUAGE_STANDARD = c99;
				GCC_OPTIMIZATION_LEVEL = 0;
				GCC_PRECOMPILE_PREFIX_HEADER = YES;
				GCC_PREPROCESSOR_DEFINITIONS = "DEBUG=1";
				GCC_WARN_ABOUT_MISSING_NEWLINE = YES;
				GCC_WARN_ABOUT_MISSING_PROTOTYPES = YES;
				GCC_WARN_ABOUT_RETURN_TYPE = YES;
				GCC_WARN_HIDDEN_VIRTUAL_FUNCTIONS = YES;
				GCC_WARN_NON_VIRTUAL_DESTRUCTOR = YES;
				GCC_WARN_UNINITIALIZED_AUTOS = YES;
				GCC_WARN_UNUSED_FUNCTION = YES;
				GCC_WARN_UNUSED_LABEL = YES;
				GCC_WARN_UNUSED_PARAMETER = YES;
				GCC_WARN_UNUSED_VARIABLE = YES;
				HEADER_SEARCH_PATHS = "\"$(SRCROOT)/../include\"";
				ONLY_ACTIVE_ARCH = YES;
				USE_HEADERMAP = 0;
			};
			name = Debug;
		};
		8A1F61E01686696500E53FBB /* Release */ = {
			isa = XCBuildConfiguration;
			buildSettings = {
				CLANG_CXX_LANGUAGE_STANDARD = "c++0x";
				CLANG_CXX_LIBRARY = "libc++";
				CLANG_ENABLE_OBJC_ARC = YES;
				CLANG_WARN_SUSPICIOUS_IMPLICIT_CONVERSION = YES;
				CLANG_WARN__DUPLICATE_METHOD_MATCH = YES;
				GCC_C_LANGUAGE_STANDARD = c99;
				GCC_PRECOMPILE_PREFIX_HEADER = YES;
				GCC_PREPROCESSOR_DEFINITIONS = "NS_BLOCK_ASSERTIONS=1";
				GCC_WARN_ABOUT_MISSING_NEWLINE = YES;
				GCC_WARN_ABOUT_MISSING_PROTOTYPES = YES;
				GCC_WARN_ABOUT_RETURN_TYPE = YES;
				GCC_WARN_HIDDEN_VIRTUAL_FUNCTIONS = YES;
				GCC_WARN_NON_VIRTUAL_DESTRUCTOR = YES;
				GCC_WARN_UNINITIALIZED_AUTOS = YES;
				GCC_WARN_UNUSED_FUNCTION = YES;
				GCC_WARN_UNUSED_LABEL = YES;
				GCC_WARN_UNUSED_PARAMETER = YES;
				GCC_WARN_UNUSED_VARIABLE = YES;
				HEADER_SEARCH_PATHS = "\"$(SRCROOT)/../include\"";
				USE_HEADERMAP = 0;
			};
			name = Release;
		};
		8A1F622516866B0600E53FBB /* Debug */ = {
			isa = XCBuildConfiguration;
			buildSettings = {
				ALWAYS_SEARCH_USER_PATHS = NO;
				CLANG_WARN_EMPTY_BODY = YES;
				CLANG_WARN__DUPLICATE_METHOD_MATCH = YES;
				"CODE_SIGN_IDENTITY[sdk=iphoneos*]" = "iPhone Developer";
				COPY_PHASE_STRIP = NO;
				FRAMEWORK_SEARCH_PATHS = (
					"$(inherited)",
					"\"$(SYSTEM_APPS_DIR)/Xcode.app/Contents/Developer/Library/Frameworks\"",
				);
				GCC_DYNAMIC_NO_PIC = NO;
				GCC_PREFIX_HEADER = "../example/ios/RWSample-Prefix.pch";
				GCC_SYMBOLS_PRIVATE_EXTERN = NO;
				GCC_WARN_ABOUT_RETURN_TYPE = YES;
				GCC_WARN_UNINITIALIZED_AUTOS = YES;
				GCC_WARN_UNUSED_VARIABLE = YES;
				INFOPLIST_FILE = "../example/ios/RWSample-Info.plist";
				IPHONEOS_DEPLOYMENT_TARGET = 6.0;
				LIBRARY_SEARCH_PATHS = (
					"$(inherited)",
					"\"$(SRCROOT)/../lib\"",
				);
				ONLY_ACTIVE_ARCH = YES;
				PRODUCT_NAME = "$(TARGET_NAME)";
				SDKROOT = iphoneos;
				TARGETED_DEVICE_FAMILY = "1,2";
				WRAPPER_EXTENSION = app;
			};
			name = Debug;
		};
		8A1F622616866B0600E53FBB /* Release */ = {
			isa = XCBuildConfiguration;
			buildSettings = {
				ALWAYS_SEARCH_USER_PATHS = NO;
				CLANG_WARN_EMPTY_BODY = YES;
				CLANG_WARN__DUPLICATE_METHOD_MATCH = YES;
				"CODE_SIGN_IDENTITY[sdk=iphoneos*]" = "iPhone Developer";
				COPY_PHASE_STRIP = YES;
				FRAMEWORK_SEARCH_PATHS = (
					"$(inherited)",
					"\"$(SYSTEM_APPS_DIR)/Xcode.app/Contents/Developer/Library/Frameworks\"",
				);
				GCC_PREFIX_HEADER = "../example/ios/RWSample-Prefix.pch";
				GCC_WARN_ABOUT_RETURN_TYPE = YES;
				GCC_WARN_UNINITIALIZED_AUTOS = YES;
				GCC_WARN_UNUSED_VARIABLE = YES;
				INFOPLIST_FILE = "../example/ios/RWSample-Info.plist";
				IPHONEOS_DEPLOYMENT_TARGET = 6.0;
				LIBRARY_SEARCH_PATHS = (
					"$(inherited)",
					"\"$(SRCROOT)/../lib\"",
				);
				PRODUCT_NAME = "$(TARGET_NAME)";
				SDKROOT = iphoneos;
				TARGETED_DEVICE_FAMILY = "1,2";
				VALIDATE_PRODUCT = YES;
				WRAPPER_EXTENSION = app;
			};
			name = Release;
		};
		8A1F624816866C2300E53FBB /* Debug */ = {
			isa = XCBuildConfiguration;
			buildSettings = {
				ALWAYS_SEARCH_USER_PATHS = NO;
				CLANG_WARN_EMPTY_BODY = YES;
				CLANG_WARN__DUPLICATE_METHOD_MATCH = YES;
				COMBINE_HIDPI_IMAGES = YES;
				COPY_PHASE_STRIP = NO;
				GCC_DYNAMIC_NO_PIC = NO;
				GCC_OPTIMIZATION_LEVEL = 0;
				GCC_PREFIX_HEADER = "../example/osx/RWSample-Prefix.pch";
				GCC_SYMBOLS_PRIVATE_EXTERN = NO;
				GCC_WARN_64_TO_32_BIT_CONVERSION = YES;
				GCC_WARN_ABOUT_RETURN_TYPE = YES;
				GCC_WARN_UNINITIALIZED_AUTOS = YES;
				GCC_WARN_UNUSED_VARIABLE = YES;
				HEADER_SEARCH_PATHS = (
					"\"$(SRCROOT)/../include\"",
					/usr/local/include,
				);
				INFOPLIST_FILE = "../example/osx/RWSample-Info.plist";
				LIBRARY_SEARCH_PATHS = (
					"$(inherited)",
					/usr/local/Cellar/libev/4.15/lib,
					/usr/local/Cellar/msgpack/0.5.7/lib,
				);
				MACOSX_DEPLOYMENT_TARGET = 10.8;
				ONLY_ACTIVE_ARCH = YES;
				PRODUCT_NAME = "$(TARGET_NAME)";
				SDKROOT = macosx;
				WRAPPER_EXTENSION = app;
			};
			name = Debug;
		};
		8A1F624916866C2300E53FBB /* Release */ = {
			isa = XCBuildConfiguration;
			buildSettings = {
				ALWAYS_SEARCH_USER_PATHS = NO;
				CLANG_WARN_EMPTY_BODY = YES;
				CLANG_WARN__DUPLICATE_METHOD_MATCH = YES;
				COMBINE_HIDPI_IMAGES = YES;
				COPY_PHASE_STRIP = YES;
				DEBUG_INFORMATION_FORMAT = "dwarf-with-dsym";
				GCC_PREFIX_HEADER = "../example/osx/RWSample-Prefix.pch";
				GCC_WARN_64_TO_32_BIT_CONVERSION = YES;
				GCC_WARN_ABOUT_RETURN_TYPE = YES;
				GCC_WARN_UNINITIALIZED_AUTOS = YES;
				GCC_WARN_UNUSED_VARIABLE = YES;
				HEADER_SEARCH_PATHS = (
					"\"$(SRCROOT)/../include\"",
					/usr/local/include,
				);
				INFOPLIST_FILE = "../example/osx/RWSample-Info.plist";
				LIBRARY_SEARCH_PATHS = (
					"$(inherited)",
					/usr/local/Cellar/libev/4.15/lib,
					/usr/local/Cellar/msgpack/0.5.7/lib,
				);
				MACOSX_DEPLOYMENT_TARGET = 10.8;
				PRODUCT_NAME = "$(TARGET_NAME)";
				SDKROOT = macosx;
				WRAPPER_EXTENSION = app;
			};
			name = Release;
		};
		8A99376B1780C02400CFA977 /* Debug */ = {
			isa = XCBuildConfiguration;
			buildSettings = {
				ALWAYS_SEARCH_USER_PATHS = NO;
				CLANG_CXX_LANGUAGE_STANDARD = "gnu++0x";
				CLANG_ENABLE_MODULES = YES;
				CLANG_WARN_BOOL_CONVERSION = YES;
				CLANG_WARN_CONSTANT_CONVERSION = YES;
				CLANG_WARN_DIRECT_OBJC_ISA_USAGE = YES_ERROR;
				CLANG_WARN_EMPTY_BODY = YES;
				CLANG_WARN_ENUM_CONVERSION = YES;
				CLANG_WARN_INT_CONVERSION = YES;
				CLANG_WARN_OBJC_ROOT_CLASS = YES_ERROR;
				COPY_PHASE_STRIP = NO;
				EXECUTABLE_PREFIX = lib;
				GCC_C_LANGUAGE_STANDARD = gnu99;
				GCC_DYNAMIC_NO_PIC = NO;
				GCC_ENABLE_OBJC_EXCEPTIONS = YES;
				GCC_PREPROCESSOR_DEFINITIONS = (
					"DEBUG=1",
					"$(inherited)",
				);
				GCC_SYMBOLS_PRIVATE_EXTERN = NO;
				GCC_WARN_64_TO_32_BIT_CONVERSION = YES;
				GCC_WARN_ABOUT_RETURN_TYPE = YES_ERROR;
				GCC_WARN_UNDECLARED_SELECTOR = YES;
				HEADER_SEARCH_PATHS = (
					"\"$(SRCROOT)/../include\"",
					/usr/local/include,
				);
				MACOSX_DEPLOYMENT_TARGET = 10.8;
				PRODUCT_NAME = "$(TARGET_NAME)";
				SDKROOT = macosx;
			};
			name = Debug;
		};
		8A99376C1780C02400CFA977 /* Release */ = {
			isa = XCBuildConfiguration;
			buildSettings = {
				ALWAYS_SEARCH_USER_PATHS = NO;
				CLANG_CXX_LANGUAGE_STANDARD = "gnu++0x";
				CLANG_ENABLE_MODULES = YES;
				CLANG_WARN_BOOL_CONVERSION = YES;
				CLANG_WARN_CONSTANT_CONVERSION = YES;
				CLANG_WARN_DIRECT_OBJC_ISA_USAGE = YES_ERROR;
				CLANG_WARN_EMPTY_BODY = YES;
				CLANG_WARN_ENUM_CONVERSION = YES;
				CLANG_WARN_INT_CONVERSION = YES;
				CLANG_WARN_OBJC_ROOT_CLASS = YES_ERROR;
				COPY_PHASE_STRIP = YES;
				DEBUG_INFORMATION_FORMAT = "dwarf-with-dsym";
				ENABLE_NS_ASSERTIONS = NO;
				EXECUTABLE_PREFIX = lib;
				GCC_C_LANGUAGE_STANDARD = gnu99;
				GCC_ENABLE_OBJC_EXCEPTIONS = YES;
				GCC_WARN_64_TO_32_BIT_CONVERSION = YES;
				GCC_WARN_ABOUT_RETURN_TYPE = YES_ERROR;
				GCC_WARN_UNDECLARED_SELECTOR = YES;
				HEADER_SEARCH_PATHS = (
					"\"$(SRCROOT)/../include\"",
					/usr/local/include,
				);
				MACOSX_DEPLOYMENT_TARGET = 10.8;
				PRODUCT_NAME = "$(TARGET_NAME)";
				SDKROOT = macosx;
			};
			name = Release;
		};
		8AF0509A168F7F85001B8093 /* Debug */ = {
			isa = XCBuildConfiguration;
			buildSettings = {
				ALWAYS_SEARCH_USER_PATHS = NO;
				COMBINE_HIDPI_IMAGES = YES;
				COPY_PHASE_STRIP = NO;
				GCC_DYNAMIC_NO_PIC = NO;
				GCC_ENABLE_OBJC_EXCEPTIONS = YES;
				GCC_PREFIX_HEADER = "../build-server/misc/Rosewood-Prefix.pch";
				GCC_SYMBOLS_PRIVATE_EXTERN = NO;
				INFOPLIST_FILE = "../build-server/misc/Rosewood-Info.plist";
				MACOSX_DEPLOYMENT_TARGET = 10.8;
				ONLY_ACTIVE_ARCH = YES;
				PRODUCT_NAME = "$(TARGET_NAME)";
				SDKROOT = macosx;
				WRAPPER_EXTENSION = app;
			};
			name = Debug;
		};
		8AF0509B168F7F85001B8093 /* Release */ = {
			isa = XCBuildConfiguration;
			buildSettings = {
				ALWAYS_SEARCH_USER_PATHS = NO;
				COMBINE_HIDPI_IMAGES = YES;
				COPY_PHASE_STRIP = YES;
				DEBUG_INFORMATION_FORMAT = "dwarf-with-dsym";
				GCC_ENABLE_OBJC_EXCEPTIONS = YES;
				GCC_PREFIX_HEADER = "../build-server/misc/Rosewood-Prefix.pch";
				INFOPLIST_FILE = "../build-server/misc/Rosewood-Info.plist";
				MACOSX_DEPLOYMENT_TARGET = 10.8;
				PRODUCT_NAME = "$(TARGET_NAME)";
				SDKROOT = macosx;
				WRAPPER_EXTENSION = app;
			};
			name = Release;
		};
/* End XCBuildConfiguration section */

/* Begin XCConfigurationList section */
		8A1F61DD1686696500E53FBB /* Build configuration list for PBXProject "Rosewood" */ = {
			isa = XCConfigurationList;
			buildConfigurations = (
				8A1F61DF1686696500E53FBB /* Debug */,
				8A1F61E01686696500E53FBB /* Release */,
			);
			defaultConfigurationIsVisible = 0;
			defaultConfigurationName = Release;
		};
		8A1F622416866B0600E53FBB /* Build configuration list for PBXNativeTarget "RWSampleiOS" */ = {
			isa = XCConfigurationList;
			buildConfigurations = (
				8A1F622516866B0600E53FBB /* Debug */,
				8A1F622616866B0600E53FBB /* Release */,
			);
			defaultConfigurationIsVisible = 0;
			defaultConfigurationName = Release;
		};
		8A1F624716866C2300E53FBB /* Build configuration list for PBXNativeTarget "RWSampleOSX" */ = {
			isa = XCConfigurationList;
			buildConfigurations = (
				8A1F624816866C2300E53FBB /* Debug */,
				8A1F624916866C2300E53FBB /* Release */,
			);
			defaultConfigurationIsVisible = 0;
			defaultConfigurationName = Release;
		};
		8A99376D1780C02400CFA977 /* Build configuration list for PBXNativeTarget "rosewood-osx" */ = {
			isa = XCConfigurationList;
			buildConfigurations = (
				8A99376B1780C02400CFA977 /* Debug */,
				8A99376C1780C02400CFA977 /* Release */,
			);
			defaultConfigurationIsVisible = 0;
		};
		8AF05099168F7F85001B8093 /* Build configuration list for PBXNativeTarget "Rosewood" */ = {
			isa = XCConfigurationList;
			buildConfigurations = (
				8AF0509A168F7F85001B8093 /* Debug */,
				8AF0509B168F7F85001B8093 /* Release */,
			);
			defaultConfigurationIsVisible = 0;
			defaultConfigurationName = Release;
		};
/* End XCConfigurationList section */
	};
	rootObject = 8A1F61DA1686696500E53FBB /* Project object */;
}
